// !$*UTF8*$!
{
	archiveVersion = 1;
	classes = {
	};
	objectVersion = 46;
	objects = {

/* Begin PBXBuildFile section */
		3A029C068E9DDEA1A4D1BCA9 /* Pods_VWODemoApp.framework in Frameworks */ = {isa = PBXBuildFile; fileRef = BF8B6915A0B69A307F1ECC37 /* Pods_VWODemoApp.framework */; };
		E31C31971F2737DF00B6D6D8 /* AppDelegate.swift in Sources */ = {isa = PBXBuildFile; fileRef = E31C31961F2737DF00B6D6D8 /* AppDelegate.swift */; };
		E31C319C1F2737DF00B6D6D8 /* Main.storyboard in Resources */ = {isa = PBXBuildFile; fileRef = E31C319A1F2737DF00B6D6D8 /* Main.storyboard */; };
		E31C319E1F2737DF00B6D6D8 /* Assets.xcassets in Resources */ = {isa = PBXBuildFile; fileRef = E31C319D1F2737DF00B6D6D8 /* Assets.xcassets */; };
		E31C31A11F2737DF00B6D6D8 /* LaunchScreen.storyboard in Resources */ = {isa = PBXBuildFile; fileRef = E31C319F1F2737DF00B6D6D8 /* LaunchScreen.storyboard */; };
		E31E980F1F2B09C100841E86 /* DetailsVC.swift in Sources */ = {isa = PBXBuildFile; fileRef = E31E980E1F2B09C100841E86 /* DetailsVC.swift */; };
		E31E98111F2B520000841E86 /* Extras.swift in Sources */ = {isa = PBXBuildFile; fileRef = E31E98101F2B520000841E86 /* Extras.swift */; };
		E36B5CA81F28EB32000338B8 /* ContainerVC.swift in Sources */ = {isa = PBXBuildFile; fileRef = E36B5CA71F28EB32000338B8 /* ContainerVC.swift */; };
		E36B5CAA1F290CAF000338B8 /* NavigationController.swift in Sources */ = {isa = PBXBuildFile; fileRef = E36B5CA91F290CAF000338B8 /* NavigationController.swift */; };
		E3AE935E1F27AF4D00228BBE /* GridCellView.swift in Sources */ = {isa = PBXBuildFile; fileRef = E3AE935D1F27AF4D00228BBE /* GridCellView.swift */; };
		E3CBFF131F275BC70035CD05 /* MenuVC.swift in Sources */ = {isa = PBXBuildFile; fileRef = E3CBFF121F275BC70035CD05 /* MenuVC.swift */; };
		E3CBFF151F2764D80035CD05 /* ListGridVC.swift in Sources */ = {isa = PBXBuildFile; fileRef = E3CBFF141F2764D80035CD05 /* ListGridVC.swift */; };
		E3CBFF171F2765890035CD05 /* LoginVC.swift in Sources */ = {isa = PBXBuildFile; fileRef = E3CBFF161F2765890035CD05 /* LoginVC.swift */; };
		E3E869C61F31B4820056576D /* LoginDetailVC.swift in Sources */ = {isa = PBXBuildFile; fileRef = E3E869C51F31B4820056576D /* LoginDetailVC.swift */; };
/* End PBXBuildFile section */

/* Begin PBXFileReference section */
		B26FD206F49B32656B518A0A /* Pods-VWODemoApp.debug.xcconfig */ = {isa = PBXFileReference; includeInIndex = 1; lastKnownFileType = text.xcconfig; name = "Pods-VWODemoApp.debug.xcconfig"; path = "Pods/Target Support Files/Pods-VWODemoApp/Pods-VWODemoApp.debug.xcconfig"; sourceTree = "<group>"; };
		BF8B6915A0B69A307F1ECC37 /* Pods_VWODemoApp.framework */ = {isa = PBXFileReference; explicitFileType = wrapper.framework; includeInIndex = 0; path = Pods_VWODemoApp.framework; sourceTree = BUILT_PRODUCTS_DIR; };
		DFEC344E5C3056F5B97A6802 /* Pods-VWODemoApp.release.xcconfig */ = {isa = PBXFileReference; includeInIndex = 1; lastKnownFileType = text.xcconfig; name = "Pods-VWODemoApp.release.xcconfig"; path = "Pods/Target Support Files/Pods-VWODemoApp/Pods-VWODemoApp.release.xcconfig"; sourceTree = "<group>"; };
		E31C31931F2737DF00B6D6D8 /* VWODemoApp.app */ = {isa = PBXFileReference; explicitFileType = wrapper.application; includeInIndex = 0; path = VWODemoApp.app; sourceTree = BUILT_PRODUCTS_DIR; };
		E31C31961F2737DF00B6D6D8 /* AppDelegate.swift */ = {isa = PBXFileReference; lastKnownFileType = sourcecode.swift; path = AppDelegate.swift; sourceTree = "<group>"; };
		E31C319B1F2737DF00B6D6D8 /* Base */ = {isa = PBXFileReference; lastKnownFileType = file.storyboard; name = Base; path = Base.lproj/Main.storyboard; sourceTree = "<group>"; };
		E31C319D1F2737DF00B6D6D8 /* Assets.xcassets */ = {isa = PBXFileReference; lastKnownFileType = folder.assetcatalog; path = Assets.xcassets; sourceTree = "<group>"; };
		E31C31A01F2737DF00B6D6D8 /* Base */ = {isa = PBXFileReference; lastKnownFileType = file.storyboard; name = Base; path = Base.lproj/LaunchScreen.storyboard; sourceTree = "<group>"; };
		E31C31A21F2737DF00B6D6D8 /* Info.plist */ = {isa = PBXFileReference; lastKnownFileType = text.plist.xml; path = Info.plist; sourceTree = "<group>"; };
		E31E980E1F2B09C100841E86 /* DetailsVC.swift */ = {isa = PBXFileReference; fileEncoding = 4; lastKnownFileType = sourcecode.swift; path = DetailsVC.swift; sourceTree = "<group>"; };
		E31E98101F2B520000841E86 /* Extras.swift */ = {isa = PBXFileReference; fileEncoding = 4; lastKnownFileType = sourcecode.swift; path = Extras.swift; sourceTree = "<group>"; };
		E36B5CA71F28EB32000338B8 /* ContainerVC.swift */ = {isa = PBXFileReference; fileEncoding = 4; lastKnownFileType = sourcecode.swift; path = ContainerVC.swift; sourceTree = "<group>"; };
		E36B5CA91F290CAF000338B8 /* NavigationController.swift */ = {isa = PBXFileReference; fileEncoding = 4; lastKnownFileType = sourcecode.swift; path = NavigationController.swift; sourceTree = "<group>"; };
		E3AE935D1F27AF4D00228BBE /* GridCellView.swift */ = {isa = PBXFileReference; fileEncoding = 4; lastKnownFileType = sourcecode.swift; path = GridCellView.swift; sourceTree = "<group>"; };
		E3CBFF121F275BC70035CD05 /* MenuVC.swift */ = {isa = PBXFileReference; fileEncoding = 4; lastKnownFileType = sourcecode.swift; path = MenuVC.swift; sourceTree = "<group>"; };
		E3CBFF141F2764D80035CD05 /* ListGridVC.swift */ = {isa = PBXFileReference; fileEncoding = 4; lastKnownFileType = sourcecode.swift; path = ListGridVC.swift; sourceTree = "<group>"; };
		E3CBFF161F2765890035CD05 /* LoginVC.swift */ = {isa = PBXFileReference; fileEncoding = 4; lastKnownFileType = sourcecode.swift; path = LoginVC.swift; sourceTree = "<group>"; };
		E3E869C51F31B4820056576D /* LoginDetailVC.swift */ = {isa = PBXFileReference; fileEncoding = 4; lastKnownFileType = sourcecode.swift; path = LoginDetailVC.swift; sourceTree = "<group>"; };
/* End PBXFileReference section */

/* Begin PBXFrameworksBuildPhase section */
		E31C31901F2737DF00B6D6D8 /* Frameworks */ = {
			isa = PBXFrameworksBuildPhase;
			buildActionMask = 2147483647;
			files = (
				3A029C068E9DDEA1A4D1BCA9 /* Pods_VWODemoApp.framework in Frameworks */,
			);
			runOnlyForDeploymentPostprocessing = 0;
		};
/* End PBXFrameworksBuildPhase section */

/* Begin PBXGroup section */
		134E187A4FCD19AD4ED6E449 /* Frameworks */ = {
			isa = PBXGroup;
			children = (
				BF8B6915A0B69A307F1ECC37 /* Pods_VWODemoApp.framework */,
			);
			name = Frameworks;
			sourceTree = "<group>";
		};
		B1793A6A36550C66FA9BD431 /* Pods */ = {
			isa = PBXGroup;
			children = (
				B26FD206F49B32656B518A0A /* Pods-VWODemoApp.debug.xcconfig */,
				DFEC344E5C3056F5B97A6802 /* Pods-VWODemoApp.release.xcconfig */,
			);
			name = Pods;
			sourceTree = "<group>";
		};
		E31C318A1F2737DF00B6D6D8 = {
			isa = PBXGroup;
			children = (
				E31C31951F2737DF00B6D6D8 /* VWODemoApp */,
				E31C31941F2737DF00B6D6D8 /* Products */,
				B1793A6A36550C66FA9BD431 /* Pods */,
				134E187A4FCD19AD4ED6E449 /* Frameworks */,
			);
			sourceTree = "<group>";
		};
		E31C31941F2737DF00B6D6D8 /* Products */ = {
			isa = PBXGroup;
			children = (
				E31C31931F2737DF00B6D6D8 /* VWODemoApp.app */,
			);
			name = Products;
			sourceTree = "<group>";
		};
		E31C31951F2737DF00B6D6D8 /* VWODemoApp */ = {
			isa = PBXGroup;
			children = (
				E31C31961F2737DF00B6D6D8 /* AppDelegate.swift */,
				E36B5CA91F290CAF000338B8 /* NavigationController.swift */,
				E36B5CA71F28EB32000338B8 /* ContainerVC.swift */,
				E3CBFF121F275BC70035CD05 /* MenuVC.swift */,
				E31E98101F2B520000841E86 /* Extras.swift */,
				E3AE935A1F27948B00228BBE /* ListGridView */,
				E3E869C41F31B4710056576D /* Login */,
				E31C319A1F2737DF00B6D6D8 /* Main.storyboard */,
				E31C319D1F2737DF00B6D6D8 /* Assets.xcassets */,
				E31C319F1F2737DF00B6D6D8 /* LaunchScreen.storyboard */,
				E31C31A21F2737DF00B6D6D8 /* Info.plist */,
			);
			path = VWODemoApp;
			sourceTree = "<group>";
		};
		E3AE935A1F27948B00228BBE /* ListGridView */ = {
			isa = PBXGroup;
			children = (
				E3CBFF141F2764D80035CD05 /* ListGridVC.swift */,
				E3AE935D1F27AF4D00228BBE /* GridCellView.swift */,
				E31E980E1F2B09C100841E86 /* DetailsVC.swift */,
			);
			name = ListGridView;
			sourceTree = "<group>";
		};
		E3E869C41F31B4710056576D /* Login */ = {
			isa = PBXGroup;
			children = (
				E3CBFF161F2765890035CD05 /* LoginVC.swift */,
				E3E869C51F31B4820056576D /* LoginDetailVC.swift */,
			);
			name = Login;
			sourceTree = "<group>";
		};
/* End PBXGroup section */

/* Begin PBXNativeTarget section */
		E31C31921F2737DF00B6D6D8 /* VWODemoApp */ = {
			isa = PBXNativeTarget;
			buildConfigurationList = E31C31A51F2737DF00B6D6D8 /* Build configuration list for PBXNativeTarget "VWODemoApp" */;
			buildPhases = (
				DA5ECE05A38D1B4E2553DC18 /* [CP] Check Pods Manifest.lock */,
				E31C318F1F2737DF00B6D6D8 /* Sources */,
				E31C31901F2737DF00B6D6D8 /* Frameworks */,
				E31C31911F2737DF00B6D6D8 /* Resources */,
				EEFFE5E931547A46D0499F9D /* [CP] Embed Pods Frameworks */,
				5B72144233E5B0B27DEBE0D8 /* [CP] Copy Pods Resources */,
			);
			buildRules = (
			);
			dependencies = (
			);
			name = VWODemoApp;
			productName = VWODemoApp;
			productReference = E31C31931F2737DF00B6D6D8 /* VWODemoApp.app */;
			productType = "com.apple.product-type.application";
		};
/* End PBXNativeTarget section */

/* Begin PBXProject section */
		E31C318B1F2737DF00B6D6D8 /* Project object */ = {
			isa = PBXProject;
			attributes = {
				LastSwiftUpdateCheck = 0830;
				LastUpgradeCheck = 0830;
				ORGANIZATIONNAME = Wingify;
				TargetAttributes = {
					E31C31921F2737DF00B6D6D8 = {
						CreatedOnToolsVersion = 8.3.3;
						DevelopmentTeam = DBN26NC8KE;
						ProvisioningStyle = Automatic;
					};
				};
			};
			buildConfigurationList = E31C318E1F2737DF00B6D6D8 /* Build configuration list for PBXProject "VWODemoApp" */;
			compatibilityVersion = "Xcode 3.2";
			developmentRegion = English;
			hasScannedForEncodings = 0;
			knownRegions = (
				en,
				Base,
			);
			mainGroup = E31C318A1F2737DF00B6D6D8;
			productRefGroup = E31C31941F2737DF00B6D6D8 /* Products */;
			projectDirPath = "";
			projectRoot = "";
			targets = (
				E31C31921F2737DF00B6D6D8 /* VWODemoApp */,
			);
		};
/* End PBXProject section */

/* Begin PBXResourcesBuildPhase section */
		E31C31911F2737DF00B6D6D8 /* Resources */ = {
			isa = PBXResourcesBuildPhase;
			buildActionMask = 2147483647;
			files = (
				E31C31A11F2737DF00B6D6D8 /* LaunchScreen.storyboard in Resources */,
				E31C319E1F2737DF00B6D6D8 /* Assets.xcassets in Resources */,
				E31C319C1F2737DF00B6D6D8 /* Main.storyboard in Resources */,
			);
			runOnlyForDeploymentPostprocessing = 0;
		};
/* End PBXResourcesBuildPhase section */

/* Begin PBXShellScriptBuildPhase section */
		5B72144233E5B0B27DEBE0D8 /* [CP] Copy Pods Resources */ = {
			isa = PBXShellScriptBuildPhase;
			buildActionMask = 2147483647;
			files = (
			);
			inputPaths = (
			);
			name = "[CP] Copy Pods Resources";
			outputPaths = (
			);
			runOnlyForDeploymentPostprocessing = 0;
			shellPath = /bin/sh;
			shellScript = "\"${SRCROOT}/Pods/Target Support Files/Pods-VWODemoApp/Pods-VWODemoApp-resources.sh\"\n";
			showEnvVarsInLog = 0;
		};
		DA5ECE05A38D1B4E2553DC18 /* [CP] Check Pods Manifest.lock */ = {
			isa = PBXShellScriptBuildPhase;
			buildActionMask = 2147483647;
			files = (
			);
			inputPaths = (
			);
			name = "[CP] Check Pods Manifest.lock";
			outputPaths = (
			);
			runOnlyForDeploymentPostprocessing = 0;
			shellPath = /bin/sh;
			shellScript = "diff \"${PODS_PODFILE_DIR_PATH}/Podfile.lock\" \"${PODS_ROOT}/Manifest.lock\" > /dev/null\nif [ $? != 0 ] ; then\n    # print error to STDERR\n    echo \"error: The sandbox is not in sync with the Podfile.lock. Run 'pod install' or update your CocoaPods installation.\" >&2\n    exit 1\nfi\n";
			showEnvVarsInLog = 0;
		};
		EEFFE5E931547A46D0499F9D /* [CP] Embed Pods Frameworks */ = {
			isa = PBXShellScriptBuildPhase;
			buildActionMask = 2147483647;
			files = (
			);
			inputPaths = (
			);
			name = "[CP] Embed Pods Frameworks";
			outputPaths = (
			);
			runOnlyForDeploymentPostprocessing = 0;
			shellPath = /bin/sh;
			shellScript = "\"${SRCROOT}/Pods/Target Support Files/Pods-VWODemoApp/Pods-VWODemoApp-frameworks.sh\"\n";
			showEnvVarsInLog = 0;
		};
/* End PBXShellScriptBuildPhase section */

/* Begin PBXSourcesBuildPhase section */
		E31C318F1F2737DF00B6D6D8 /* Sources */ = {
			isa = PBXSourcesBuildPhase;
			buildActionMask = 2147483647;
			files = (
				E36B5CA81F28EB32000338B8 /* ContainerVC.swift in Sources */,
				E31E980F1F2B09C100841E86 /* DetailsVC.swift in Sources */,
				E31C31971F2737DF00B6D6D8 /* AppDelegate.swift in Sources */,
				E3E869C61F31B4820056576D /* LoginDetailVC.swift in Sources */,
				E36B5CAA1F290CAF000338B8 /* NavigationController.swift in Sources */,
				E3AE935E1F27AF4D00228BBE /* GridCellView.swift in Sources */,
				E3CBFF151F2764D80035CD05 /* ListGridVC.swift in Sources */,
				E3CBFF131F275BC70035CD05 /* MenuVC.swift in Sources */,
				E31E98111F2B520000841E86 /* Extras.swift in Sources */,
				E3CBFF171F2765890035CD05 /* LoginVC.swift in Sources */,
			);
			runOnlyForDeploymentPostprocessing = 0;
		};
/* End PBXSourcesBuildPhase section */

/* Begin PBXVariantGroup section */
		E31C319A1F2737DF00B6D6D8 /* Main.storyboard */ = {
			isa = PBXVariantGroup;
			children = (
				E31C319B1F2737DF00B6D6D8 /* Base */,
			);
			name = Main.storyboard;
			sourceTree = "<group>";
		};
		E31C319F1F2737DF00B6D6D8 /* LaunchScreen.storyboard */ = {
			isa = PBXVariantGroup;
			children = (
				E31C31A01F2737DF00B6D6D8 /* Base */,
			);
			name = LaunchScreen.storyboard;
			sourceTree = "<group>";
		};
/* End PBXVariantGroup section */

/* Begin XCBuildConfiguration section */
		E31C31A31F2737DF00B6D6D8 /* Debug */ = {
			isa = XCBuildConfiguration;
			buildSettings = {
				ALWAYS_SEARCH_USER_PATHS = NO;
				CLANG_ANALYZER_NONNULL = YES;
				CLANG_ANALYZER_NUMBER_OBJECT_CONVERSION = YES_AGGRESSIVE;
				CLANG_CXX_LANGUAGE_STANDARD = "gnu++0x";
				CLANG_CXX_LIBRARY = "libc++";
				CLANG_ENABLE_MODULES = YES;
				CLANG_ENABLE_OBJC_ARC = YES;
				CLANG_WARN_BOOL_CONVERSION = YES;
				CLANG_WARN_CONSTANT_CONVERSION = YES;
				CLANG_WARN_DIRECT_OBJC_ISA_USAGE = YES_ERROR;
				CLANG_WARN_DOCUMENTATION_COMMENTS = YES;
				CLANG_WARN_EMPTY_BODY = YES;
				CLANG_WARN_ENUM_CONVERSION = YES;
				CLANG_WARN_INFINITE_RECURSION = YES;
				CLANG_WARN_INT_CONVERSION = YES;
				CLANG_WARN_OBJC_ROOT_CLASS = YES_ERROR;
				CLANG_WARN_SUSPICIOUS_MOVE = YES;
				CLANG_WARN_UNREACHABLE_CODE = YES;
				CLANG_WARN__DUPLICATE_METHOD_MATCH = YES;
				"CODE_SIGN_IDENTITY[sdk=iphoneos*]" = "iPhone Developer";
				COPY_PHASE_STRIP = NO;
				DEBUG_INFORMATION_FORMAT = dwarf;
				ENABLE_STRICT_OBJC_MSGSEND = YES;
				ENABLE_TESTABILITY = YES;
				GCC_C_LANGUAGE_STANDARD = gnu99;
				GCC_DYNAMIC_NO_PIC = NO;
				GCC_NO_COMMON_BLOCKS = YES;
				GCC_OPTIMIZATION_LEVEL = 0;
				GCC_PREPROCESSOR_DEFINITIONS = (
					"DEBUG=1",
					"$(inherited)",
				);
				GCC_WARN_64_TO_32_BIT_CONVERSION = YES;
				GCC_WARN_ABOUT_RETURN_TYPE = YES_ERROR;
				GCC_WARN_UNDECLARED_SELECTOR = YES;
				GCC_WARN_UNINITIALIZED_AUTOS = YES_AGGRESSIVE;
				GCC_WARN_UNUSED_FUNCTION = YES;
				GCC_WARN_UNUSED_VARIABLE = YES;
				IPHONEOS_DEPLOYMENT_TARGET = 10.3;
				MTL_ENABLE_DEBUG_INFO = YES;
				ONLY_ACTIVE_ARCH = YES;
				SDKROOT = iphoneos;
				SWIFT_ACTIVE_COMPILATION_CONDITIONS = DEBUG;
				SWIFT_OPTIMIZATION_LEVEL = "-Onone";
				TARGETED_DEVICE_FAMILY = "1,2";
			};
			name = Debug;
		};
		E31C31A41F2737DF00B6D6D8 /* Release */ = {
			isa = XCBuildConfiguration;
			buildSettings = {
				ALWAYS_SEARCH_USER_PATHS = NO;
				CLANG_ANALYZER_NONNULL = YES;
				CLANG_ANALYZER_NUMBER_OBJECT_CONVERSION = YES_AGGRESSIVE;
				CLANG_CXX_LANGUAGE_STANDARD = "gnu++0x";
				CLANG_CXX_LIBRARY = "libc++";
				CLANG_ENABLE_MODULES = YES;
				CLANG_ENABLE_OBJC_ARC = YES;
				CLANG_WARN_BOOL_CONVERSION = YES;
				CLANG_WARN_CONSTANT_CONVERSION = YES;
				CLANG_WARN_DIRECT_OBJC_ISA_USAGE = YES_ERROR;
				CLANG_WARN_DOCUMENTATION_COMMENTS = YES;
				CLANG_WARN_EMPTY_BODY = YES;
				CLANG_WARN_ENUM_CONVERSION = YES;
				CLANG_WARN_INFINITE_RECURSION = YES;
				CLANG_WARN_INT_CONVERSION = YES;
				CLANG_WARN_OBJC_ROOT_CLASS = YES_ERROR;
				CLANG_WARN_SUSPICIOUS_MOVE = YES;
				CLANG_WARN_UNREACHABLE_CODE = YES;
				CLANG_WARN__DUPLICATE_METHOD_MATCH = YES;
				"CODE_SIGN_IDENTITY[sdk=iphoneos*]" = "iPhone Developer";
				COPY_PHASE_STRIP = NO;
				DEBUG_INFORMATION_FORMAT = "dwarf-with-dsym";
				ENABLE_NS_ASSERTIONS = NO;
				ENABLE_STRICT_OBJC_MSGSEND = YES;
				GCC_C_LANGUAGE_STANDARD = gnu99;
				GCC_NO_COMMON_BLOCKS = YES;
				GCC_WARN_64_TO_32_BIT_CONVERSION = YES;
				GCC_WARN_ABOUT_RETURN_TYPE = YES_ERROR;
				GCC_WARN_UNDECLARED_SELECTOR = YES;
				GCC_WARN_UNINITIALIZED_AUTOS = YES_AGGRESSIVE;
				GCC_WARN_UNUSED_FUNCTION = YES;
				GCC_WARN_UNUSED_VARIABLE = YES;
				IPHONEOS_DEPLOYMENT_TARGET = 10.3;
				MTL_ENABLE_DEBUG_INFO = NO;
				SDKROOT = iphoneos;
				SWIFT_OPTIMIZATION_LEVEL = "-Owholemodule";
				TARGETED_DEVICE_FAMILY = "1,2";
				VALIDATE_PRODUCT = YES;
			};
			name = Release;
		};
		E31C31A61F2737DF00B6D6D8 /* Debug */ = {
			isa = XCBuildConfiguration;
			baseConfigurationReference = B26FD206F49B32656B518A0A /* Pods-VWODemoApp.debug.xcconfig */;
			buildSettings = {
				ASSETCATALOG_COMPILER_APPICON_NAME = AppIcon;
				DEVELOPMENT_TEAM = DBN26NC8KE;
				INFOPLIST_FILE = VWODemoApp/Info.plist;
				IPHONEOS_DEPLOYMENT_TARGET = 9.0;
				LD_RUNPATH_SEARCH_PATHS = "$(inherited) @executable_path/Frameworks";
				PRODUCT_BUNDLE_IDENTIFIER = com.wingify.VWODemoApp;
				PRODUCT_NAME = "$(TARGET_NAME)";
				SWIFT_VERSION = 3.0;
			};
			name = Debug;
		};
		E31C31A71F2737DF00B6D6D8 /* Release */ = {
			isa = XCBuildConfiguration;
			baseConfigurationReference = DFEC344E5C3056F5B97A6802 /* Pods-VWODemoApp.release.xcconfig */;
			buildSettings = {
				ASSETCATALOG_COMPILER_APPICON_NAME = AppIcon;
				DEVELOPMENT_TEAM = DBN26NC8KE;
				INFOPLIST_FILE = VWODemoApp/Info.plist;
				IPHONEOS_DEPLOYMENT_TARGET = 9.0;
				LD_RUNPATH_SEARCH_PATHS = "$(inherited) @executable_path/Frameworks";
				PRODUCT_BUNDLE_IDENTIFIER = com.wingify.VWODemoApp;
				PRODUCT_NAME = "$(TARGET_NAME)";
				SWIFT_VERSION = 3.0;
			};
			name = Release;
		};
/* End XCBuildConfiguration section */

/* Begin XCConfigurationList section */
		E31C318E1F2737DF00B6D6D8 /* Build configuration list for PBXProject "VWODemoApp" */ = {
			isa = XCConfigurationList;
			buildConfigurations = (
				E31C31A31F2737DF00B6D6D8 /* Debug */,
				E31C31A41F2737DF00B6D6D8 /* Release */,
			);
			defaultConfigurationIsVisible = 0;
			defaultConfigurationName = Release;
		};
		E31C31A51F2737DF00B6D6D8 /* Build configuration list for PBXNativeTarget "VWODemoApp" */ = {
			isa = XCConfigurationList;
			buildConfigurations = (
				E31C31A61F2737DF00B6D6D8 /* Debug */,
				E31C31A71F2737DF00B6D6D8 /* Release */,
			);
			defaultConfigurationIsVisible = 0;
			defaultConfigurationName = Release;
		};
/* End XCConfigurationList section */
	};
	rootObject = E31C318B1F2737DF00B6D6D8 /* Project object */;
}
