{
  "pins" : [
    {
      "identity" : "socket.io-client-swift",
      "kind" : "remoteSourceControl",
      "location" : "https://github.com/socketio/socket.io-client-swift",
      "state" : {
        "revision" : "36db2ff0ebc7239187f9b382fd318e122da71caa",
        "version" : "15.2.0"
      }
    },
    {
      "identity" : "starscream",
      "kind" : "remoteSourceControl",
      "location" : "https://github.com/daltoniam/Starscream",
      "state" : {
        "revision" : "e6b65c6d9077ea48b4a7bdda8994a1d3c6969c8d",
        "version" : "3.1.1"
      }
    },
    {
      "identity" : "swift-nio-zlib-support",
      "kind" : "remoteSourceControl",
      "location" : "https://github.com/apple/swift-nio-zlib-support.git",
      "state" : {
        "revision" : "37760e9a52030bb9011972c5213c3350fa9d41fd",
        "version" : "1.0.0"
      }
    }
  ],
  "version" : 2
}
