// !$*UTF8*$!
{
	archiveVersion = 1;
	classes = {
	};
	objectVersion = 48;
	objects = {

/* Begin PBXBuildFile section */
		682FAD2401FE82C5C2A48A2B /* Pods_VWO_Demo.framework in Frameworks */ = {isa = PBXBuildFile; fileRef = 8FAF68EB5053737B941C0877 /* Pods_VWO_Demo.framework */; };
		E34D6BAE1F7E4BE40094A905 /* AppDelegate.swift in Sources */ = {isa = PBXBuildFile; fileRef = E34D6BAD1F7E4BE40094A905 /* AppDelegate.swift */; };
		E34D6BB31F7E4BE40094A905 /* Main.storyboard in Resources */ = {isa = PBXBuildFile; fileRef = E34D6BB11F7E4BE40094A905 /* Main.storyboard */; };
		E34D6BB51F7E4BE40094A905 /* Assets.xcassets in Resources */ = {isa = PBXBuildFile; fileRef = E34D6BB41F7E4BE40094A905 /* Assets.xcassets */; };
		E34D6BB81F7E4BE40094A905 /* LaunchScreen.storyboard in Resources */ = {isa = PBXBuildFile; fileRef = E34D6BB61F7E4BE40094A905 /* LaunchScreen.storyboard */; };
		E34D6BC31F7E4BE40094A905 /* VWO_DemoTests.swift in Sources */ = {isa = PBXBuildFile; fileRef = E34D6BC21F7E4BE40094A905 /* VWO_DemoTests.swift */; };
		E34D6BD81F7E4D5E0094A905 /* Extras.swift in Sources */ = {isa = PBXBuildFile; fileRef = E34D6BCF1F7E4D5C0094A905 /* Extras.swift */; };
		E34D6BD91F7E4D5E0094A905 /* PhoneCellView.swift in Sources */ = {isa = PBXBuildFile; fileRef = E34D6BD01F7E4D5C0094A905 /* PhoneCellView.swift */; };
		E34D6BDA1F7E4D5E0094A905 /* PhoneDetailVC.swift in Sources */ = {isa = PBXBuildFile; fileRef = E34D6BD11F7E4D5D0094A905 /* PhoneDetailVC.swift */; };
		E34D6BDB1F7E4D5E0094A905 /* MenuVC.swift in Sources */ = {isa = PBXBuildFile; fileRef = E34D6BD21F7E4D5D0094A905 /* MenuVC.swift */; };
		E390A9572107464100F5777D /* VWOManager.swift in Sources */ = {isa = PBXBuildFile; fileRef = E390A9562107464100F5777D /* VWOManager.swift */; };
		E390A959210747EB00F5777D /* APIKeyManager.swift in Sources */ = {isa = PBXBuildFile; fileRef = E390A958210747EB00F5777D /* APIKeyManager.swift */; };
		E3F4292F20FDCA8C00CA281F /* Phones.xcassets in Resources */ = {isa = PBXBuildFile; fileRef = E3F4292E20FDCA8C00CA281F /* Phones.xcassets */; };
		E3F4293120FDEACB00CA281F /* House.xcassets in Resources */ = {isa = PBXBuildFile; fileRef = E3F4293020FDEACB00CA281F /* House.xcassets */; };
		E3F4293320FDFAC700CA281F /* Phone.swift in Sources */ = {isa = PBXBuildFile; fileRef = E3F4293220FDFAC700CA281F /* Phone.swift */; };
		E3FC3A2020FC85140097DB02 /* PhoneListVC.swift in Sources */ = {isa = PBXBuildFile; fileRef = E3FC3A1F20FC85140097DB02 /* PhoneListVC.swift */; };
		E3FC3A2220FCA07B0097DB02 /* HouseCollectionVC.swift in Sources */ = {isa = PBXBuildFile; fileRef = E3FC3A2120FCA07B0097DB02 /* HouseCollectionVC.swift */; };
		E3FC3A2620FCD8CC0097DB02 /* HouseCollectionCell.swift in Sources */ = {isa = PBXBuildFile; fileRef = E3FC3A2520FCD8CC0097DB02 /* HouseCollectionCell.swift */; };
		E3FFD9221F7E547B0025F6FD /* SlideMenuController.swift in Sources */ = {isa = PBXBuildFile; fileRef = E3FFD9211F7E547B0025F6FD /* SlideMenuController.swift */; };
/* End PBXBuildFile section */

/* Begin PBXContainerItemProxy section */
		E34D6BBF1F7E4BE40094A905 /* PBXContainerItemProxy */ = {
			isa = PBXContainerItemProxy;
			containerPortal = E34D6BA21F7E4BE40094A905 /* Project object */;
			proxyType = 1;
			remoteGlobalIDString = E34D6BA91F7E4BE40094A905;
			remoteInfo = "VWO Demo";
		};
/* End PBXContainerItemProxy section */

/* Begin PBXFileReference section */
		24545B21162BFC471F57493A /* Pods_VWO_DemoTests.framework */ = {isa = PBXFileReference; explicitFileType = wrapper.framework; includeInIndex = 0; path = Pods_VWO_DemoTests.framework; sourceTree = BUILT_PRODUCTS_DIR; };
		880EA21C25AC2FAB00A129D3 /* SocketIO.framework */ = {isa = PBXFileReference; explicitFileType = wrapper.framework; path = SocketIO.framework; sourceTree = BUILT_PRODUCTS_DIR; };
		880EA21F25AC2FB000A129D3 /* Starscream.framework */ = {isa = PBXFileReference; explicitFileType = wrapper.framework; path = Starscream.framework; sourceTree = BUILT_PRODUCTS_DIR; };
		880EA22225AC2FB400A129D3 /* VWO.framework */ = {isa = PBXFileReference; explicitFileType = wrapper.framework; path = VWO.framework; sourceTree = BUILT_PRODUCTS_DIR; };
		88A772532678BEF400DAC487 /* UserExperiorSDK.xcframework */ = {isa = PBXFileReference; lastKnownFileType = wrapper.xcframework; name = UserExperiorSDK.xcframework; path = Pods/UserExperior/UserExperiorSDK.xcframework; sourceTree = "<group>"; };
		8FAF68EB5053737B941C0877 /* Pods_VWO_Demo.framework */ = {isa = PBXFileReference; explicitFileType = wrapper.framework; includeInIndex = 0; path = Pods_VWO_Demo.framework; sourceTree = BUILT_PRODUCTS_DIR; };
		BB5B8FB3D715DA6E51505A25 /* Pods-VWO Demo.release.xcconfig */ = {isa = PBXFileReference; includeInIndex = 1; lastKnownFileType = text.xcconfig; name = "Pods-VWO Demo.release.xcconfig"; path = "Pods/Target Support Files/Pods-VWO Demo/Pods-VWO Demo.release.xcconfig"; sourceTree = "<group>"; };
		E29775C6CEE32F6DD028E06B /* Pods-VWO Demo.debug.xcconfig */ = {isa = PBXFileReference; includeInIndex = 1; lastKnownFileType = text.xcconfig; name = "Pods-VWO Demo.debug.xcconfig"; path = "Pods/Target Support Files/Pods-VWO Demo/Pods-VWO Demo.debug.xcconfig"; sourceTree = "<group>"; };
		E34D6BAA1F7E4BE40094A905 /* VWO Demo.app */ = {isa = PBXFileReference; explicitFileType = wrapper.application; includeInIndex = 0; path = "VWO Demo.app"; sourceTree = BUILT_PRODUCTS_DIR; };
		E34D6BAD1F7E4BE40094A905 /* AppDelegate.swift */ = {isa = PBXFileReference; lastKnownFileType = sourcecode.swift; path = AppDelegate.swift; sourceTree = "<group>"; };
		E34D6BB21F7E4BE40094A905 /* Base */ = {isa = PBXFileReference; lastKnownFileType = file.storyboard; name = Base; path = Base.lproj/Main.storyboard; sourceTree = "<group>"; };
		E34D6BB41F7E4BE40094A905 /* Assets.xcassets */ = {isa = PBXFileReference; lastKnownFileType = folder.assetcatalog; path = Assets.xcassets; sourceTree = "<group>"; };
		E34D6BB71F7E4BE40094A905 /* Base */ = {isa = PBXFileReference; lastKnownFileType = file.storyboard; name = Base; path = Base.lproj/LaunchScreen.storyboard; sourceTree = "<group>"; };
		E34D6BB91F7E4BE40094A905 /* Info.plist */ = {isa = PBXFileReference; lastKnownFileType = text.plist.xml; path = Info.plist; sourceTree = "<group>"; };
		E34D6BBE1F7E4BE40094A905 /* VWO DemoTests.xctest */ = {isa = PBXFileReference; explicitFileType = wrapper.cfbundle; includeInIndex = 0; path = "VWO DemoTests.xctest"; sourceTree = BUILT_PRODUCTS_DIR; };
		E34D6BC21F7E4BE40094A905 /* VWO_DemoTests.swift */ = {isa = PBXFileReference; lastKnownFileType = sourcecode.swift; path = VWO_DemoTests.swift; sourceTree = "<group>"; };
		E34D6BC41F7E4BE40094A905 /* Info.plist */ = {isa = PBXFileReference; lastKnownFileType = text.plist.xml; path = Info.plist; sourceTree = "<group>"; };
		E34D6BCF1F7E4D5C0094A905 /* Extras.swift */ = {isa = PBXFileReference; lastKnownFileType = sourcecode.swift; path = Extras.swift; sourceTree = "<group>"; };
		E34D6BD01F7E4D5C0094A905 /* PhoneCellView.swift */ = {isa = PBXFileReference; lastKnownFileType = sourcecode.swift; path = PhoneCellView.swift; sourceTree = "<group>"; };
		E34D6BD11F7E4D5D0094A905 /* PhoneDetailVC.swift */ = {isa = PBXFileReference; lastKnownFileType = sourcecode.swift; path = PhoneDetailVC.swift; sourceTree = "<group>"; };
		E34D6BD21F7E4D5D0094A905 /* MenuVC.swift */ = {isa = PBXFileReference; lastKnownFileType = sourcecode.swift; path = MenuVC.swift; sourceTree = "<group>"; };
		E34D6BE21F7E512F0094A905 /* SlideMenuControllerSwift.framework */ = {isa = PBXFileReference; lastKnownFileType = wrapper.framework; name = SlideMenuControllerSwift.framework; path = Carthage/Build/iOS/SlideMenuControllerSwift.framework; sourceTree = "<group>"; };
		E390A9562107464100F5777D /* VWOManager.swift */ = {isa = PBXFileReference; lastKnownFileType = sourcecode.swift; path = VWOManager.swift; sourceTree = "<group>"; };
		E390A958210747EB00F5777D /* APIKeyManager.swift */ = {isa = PBXFileReference; lastKnownFileType = sourcecode.swift; path = APIKeyManager.swift; sourceTree = "<group>"; };
		E3BA017920BFD64600F23100 /* README.md */ = {isa = PBXFileReference; lastKnownFileType = net.daringfireball.markdown; path = README.md; sourceTree = SOURCE_ROOT; };
		E3F4292E20FDCA8C00CA281F /* Phones.xcassets */ = {isa = PBXFileReference; lastKnownFileType = folder.assetcatalog; path = Phones.xcassets; sourceTree = "<group>"; };
		E3F4293020FDEACB00CA281F /* House.xcassets */ = {isa = PBXFileReference; lastKnownFileType = folder.assetcatalog; path = House.xcassets; sourceTree = "<group>"; };
		E3F4293220FDFAC700CA281F /* Phone.swift */ = {isa = PBXFileReference; lastKnownFileType = sourcecode.swift; path = Phone.swift; sourceTree = "<group>"; };
		E3FC3A1F20FC85140097DB02 /* PhoneListVC.swift */ = {isa = PBXFileReference; lastKnownFileType = sourcecode.swift; path = PhoneListVC.swift; sourceTree = "<group>"; };
		E3FC3A2120FCA07B0097DB02 /* HouseCollectionVC.swift */ = {isa = PBXFileReference; lastKnownFileType = sourcecode.swift; path = HouseCollectionVC.swift; sourceTree = "<group>"; };
		E3FC3A2520FCD8CC0097DB02 /* HouseCollectionCell.swift */ = {isa = PBXFileReference; lastKnownFileType = sourcecode.swift; path = HouseCollectionCell.swift; sourceTree = "<group>"; };
		E3FFD9211F7E547B0025F6FD /* SlideMenuController.swift */ = {isa = PBXFileReference; lastKnownFileType = sourcecode.swift; path = SlideMenuController.swift; sourceTree = "<group>"; };
/* End PBXFileReference section */

/* Begin PBXFrameworksBuildPhase section */
		E34D6BA71F7E4BE40094A905 /* Frameworks */ = {
			isa = PBXFrameworksBuildPhase;
			buildActionMask = 2147483647;
			files = (
				682FAD2401FE82C5C2A48A2B /* Pods_VWO_Demo.framework in Frameworks */,
			);
			runOnlyForDeploymentPostprocessing = 0;
		};
		E34D6BBB1F7E4BE40094A905 /* Frameworks */ = {
			isa = PBXFrameworksBuildPhase;
			buildActionMask = 2147483647;
			files = (
			);
			runOnlyForDeploymentPostprocessing = 0;
		};
/* End PBXFrameworksBuildPhase section */

/* Begin PBXGroup section */
		5D10CFC9DF7F875CFEBBF300 /* Pods */ = {
			isa = PBXGroup;
			children = (
				E29775C6CEE32F6DD028E06B /* Pods-VWO Demo.debug.xcconfig */,
				BB5B8FB3D715DA6E51505A25 /* Pods-VWO Demo.release.xcconfig */,
			);
			name = Pods;
			sourceTree = "<group>";
		};
		E34D6BA11F7E4BE40094A905 = {
			isa = PBXGroup;
			children = (
				E34D6BAC1F7E4BE40094A905 /* VWO Demo */,
				E34D6BC11F7E4BE40094A905 /* VWO DemoTests */,
				E34D6BAB1F7E4BE40094A905 /* Products */,
				E34D6BE11F7E512F0094A905 /* Frameworks */,
				5D10CFC9DF7F875CFEBBF300 /* Pods */,
			);
			sourceTree = "<group>";
		};
		E34D6BAB1F7E4BE40094A905 /* Products */ = {
			isa = PBXGroup;
			children = (
				E34D6BAA1F7E4BE40094A905 /* VWO Demo.app */,
				E34D6BBE1F7E4BE40094A905 /* VWO DemoTests.xctest */,
			);
			name = Products;
			sourceTree = "<group>";
		};
		E34D6BAC1F7E4BE40094A905 /* VWO Demo */ = {
			isa = PBXGroup;
			children = (
				E34D6BAD1F7E4BE40094A905 /* AppDelegate.swift */,
				E390A9562107464100F5777D /* VWOManager.swift */,
				E390A958210747EB00F5777D /* APIKeyManager.swift */,
				E3FC3A2320FCD8AD0097DB02 /* Sorting campaign */,
				E3FC3A2420FCD8B90097DB02 /* Variable campaign */,
				E34D6BCF1F7E4D5C0094A905 /* Extras.swift */,
				E34D6BD21F7E4D5D0094A905 /* MenuVC.swift */,
				E3FFD9211F7E547B0025F6FD /* SlideMenuController.swift */,
				E34D6BB11F7E4BE40094A905 /* Main.storyboard */,
				E34D6BB41F7E4BE40094A905 /* Assets.xcassets */,
				E3F4292E20FDCA8C00CA281F /* Phones.xcassets */,
				E3F4293020FDEACB00CA281F /* House.xcassets */,
				E34D6BB61F7E4BE40094A905 /* LaunchScreen.storyboard */,
				E34D6BB91F7E4BE40094A905 /* Info.plist */,
				E3BA017920BFD64600F23100 /* README.md */,
			);
			path = "VWO Demo";
			sourceTree = "<group>";
		};
		E34D6BC11F7E4BE40094A905 /* VWO DemoTests */ = {
			isa = PBXGroup;
			children = (
				E34D6BC21F7E4BE40094A905 /* VWO_DemoTests.swift */,
				E34D6BC41F7E4BE40094A905 /* Info.plist */,
			);
			path = "VWO DemoTests";
			sourceTree = "<group>";
		};
		E34D6BE11F7E512F0094A905 /* Frameworks */ = {
			isa = PBXGroup;
			children = (
				88A772532678BEF400DAC487 /* UserExperiorSDK.xcframework */,
				880EA22225AC2FB400A129D3 /* VWO.framework */,
				880EA21F25AC2FB000A129D3 /* Starscream.framework */,
				880EA21C25AC2FAB00A129D3 /* SocketIO.framework */,
				E34D6BE21F7E512F0094A905 /* SlideMenuControllerSwift.framework */,
				8FAF68EB5053737B941C0877 /* Pods_VWO_Demo.framework */,
				24545B21162BFC471F57493A /* Pods_VWO_DemoTests.framework */,
			);
			name = Frameworks;
			sourceTree = "<group>";
		};
		E3FC3A2320FCD8AD0097DB02 /* Sorting campaign */ = {
			isa = PBXGroup;
			children = (
				E3FC3A1F20FC85140097DB02 /* PhoneListVC.swift */,
				E34D6BD11F7E4D5D0094A905 /* PhoneDetailVC.swift */,
				E34D6BD01F7E4D5C0094A905 /* PhoneCellView.swift */,
				E3F4293220FDFAC700CA281F /* Phone.swift */,
			);
			path = "Sorting campaign";
			sourceTree = "<group>";
		};
		E3FC3A2420FCD8B90097DB02 /* Variable campaign */ = {
			isa = PBXGroup;
			children = (
				E3FC3A2120FCA07B0097DB02 /* HouseCollectionVC.swift */,
				E3FC3A2520FCD8CC0097DB02 /* HouseCollectionCell.swift */,
			);
			path = "Variable campaign";
			sourceTree = "<group>";
		};
/* End PBXGroup section */

/* Begin PBXNativeTarget section */
		E34D6BA91F7E4BE40094A905 /* VWO Demo */ = {
			isa = PBXNativeTarget;
			buildConfigurationList = E34D6BC71F7E4BE40094A905 /* Build configuration list for PBXNativeTarget "VWO Demo" */;
			buildPhases = (
				878FD425F301D14D2EB57176 /* [CP] Check Pods Manifest.lock */,
				E34D6BA61F7E4BE40094A905 /* Sources */,
				E34D6BA71F7E4BE40094A905 /* Frameworks */,
				E34D6BA81F7E4BE40094A905 /* Resources */,
				1A30E5DF0F574AA24035A142 /* [CP] Embed Pods Frameworks */,
			);
			buildRules = (
			);
			dependencies = (
			);
			name = "VWO Demo";
			productName = "VWO Demo";
			productReference = E34D6BAA1F7E4BE40094A905 /* VWO Demo.app */;
			productType = "com.apple.product-type.application";
		};
		E34D6BBD1F7E4BE40094A905 /* VWO DemoTests */ = {
			isa = PBXNativeTarget;
			buildConfigurationList = E34D6BCA1F7E4BE40094A905 /* Build configuration list for PBXNativeTarget "VWO DemoTests" */;
			buildPhases = (
				E34D6BBA1F7E4BE40094A905 /* Sources */,
				E34D6BBB1F7E4BE40094A905 /* Frameworks */,
				E34D6BBC1F7E4BE40094A905 /* Resources */,
			);
			buildRules = (
			);
			dependencies = (
				E34D6BC01F7E4BE40094A905 /* PBXTargetDependency */,
			);
			name = "VWO DemoTests";
			productName = "VWO DemoTests";
			productReference = E34D6BBE1F7E4BE40094A905 /* VWO DemoTests.xctest */;
			productType = "com.apple.product-type.bundle.unit-test";
		};
/* End PBXNativeTarget section */

/* Begin PBXProject section */
		E34D6BA21F7E4BE40094A905 /* Project object */ = {
			isa = PBXProject;
			attributes = {
				LastSwiftUpdateCheck = 0900;
				LastUpgradeCheck = 0930;
				ORGANIZATIONNAME = Wingify;
				TargetAttributes = {
					E34D6BA91F7E4BE40094A905 = {
						CreatedOnToolsVersion = 9.0;
						ProvisioningStyle = Automatic;
					};
					E34D6BBD1F7E4BE40094A905 = {
						CreatedOnToolsVersion = 9.0;
						ProvisioningStyle = Automatic;
						TestTargetID = E34D6BA91F7E4BE40094A905;
					};
				};
			};
			buildConfigurationList = E34D6BA51F7E4BE40094A905 /* Build configuration list for PBXProject "VWO Demo" */;
			compatibilityVersion = "Xcode 8.0";
			developmentRegion = en;
			hasScannedForEncodings = 0;
			knownRegions = (
				en,
				Base,
			);
			mainGroup = E34D6BA11F7E4BE40094A905;
			productRefGroup = E34D6BAB1F7E4BE40094A905 /* Products */;
			projectDirPath = "";
			projectRoot = "";
			targets = (
				E34D6BA91F7E4BE40094A905 /* VWO Demo */,
				E34D6BBD1F7E4BE40094A905 /* VWO DemoTests */,
			);
		};
/* End PBXProject section */

/* Begin PBXResourcesBuildPhase section */
		E34D6BA81F7E4BE40094A905 /* Resources */ = {
			isa = PBXResourcesBuildPhase;
			buildActionMask = 2147483647;
			files = (
				E3F4292F20FDCA8C00CA281F /* Phones.xcassets in Resources */,
				E3F4293120FDEACB00CA281F /* House.xcassets in Resources */,
				E34D6BB81F7E4BE40094A905 /* LaunchScreen.storyboard in Resources */,
				E34D6BB51F7E4BE40094A905 /* Assets.xcassets in Resources */,
				E34D6BB31F7E4BE40094A905 /* Main.storyboard in Resources */,
			);
			runOnlyForDeploymentPostprocessing = 0;
		};
		E34D6BBC1F7E4BE40094A905 /* Resources */ = {
			isa = PBXResourcesBuildPhase;
			buildActionMask = 2147483647;
			files = (
			);
			runOnlyForDeploymentPostprocessing = 0;
		};
/* End PBXResourcesBuildPhase section */

/* Begin PBXShellScriptBuildPhase section */
		1A30E5DF0F574AA24035A142 /* [CP] Embed Pods Frameworks */ = {
			isa = PBXShellScriptBuildPhase;
			buildActionMask = 2147483647;
			files = (
			);
			inputPaths = (
				"${PODS_ROOT}/Target Support Files/Pods-VWO Demo/Pods-VWO Demo-frameworks.sh",
				"${BUILT_PRODUCTS_DIR}/MBProgressHUD/MBProgressHUD.framework",
				"${BUILT_PRODUCTS_DIR}/SCLAlertView/SCLAlertView.framework",
				"${BUILT_PRODUCTS_DIR}/Socket.IO-Client-Swift/SocketIO.framework",
				"${BUILT_PRODUCTS_DIR}/Starscream/Starscream.framework",
				"${BUILT_PRODUCTS_DIR}/VWO/VWO.framework",
			);
			name = "[CP] Embed Pods Frameworks";
			outputPaths = (
				"${TARGET_BUILD_DIR}/${FRAMEWORKS_FOLDER_PATH}/MBProgressHUD.framework",
				"${TARGET_BUILD_DIR}/${FRAMEWORKS_FOLDER_PATH}/SCLAlertView.framework",
				"${TARGET_BUILD_DIR}/${FRAMEWORKS_FOLDER_PATH}/SocketIO.framework",
				"${TARGET_BUILD_DIR}/${FRAMEWORKS_FOLDER_PATH}/Starscream.framework",
				"${TARGET_BUILD_DIR}/${FRAMEWORKS_FOLDER_PATH}/VWO.framework",
			);
			runOnlyForDeploymentPostprocessing = 0;
			shellPath = /bin/sh;
			shellScript = "\"${PODS_ROOT}/Target Support Files/Pods-VWO Demo/Pods-VWO Demo-frameworks.sh\"\n";
			showEnvVarsInLog = 0;
		};
		878FD425F301D14D2EB57176 /* [CP] Check Pods Manifest.lock */ = {
			isa = PBXShellScriptBuildPhase;
			buildActionMask = 2147483647;
			files = (
			);
			inputPaths = (
				"${PODS_PODFILE_DIR_PATH}/Podfile.lock",
				"${PODS_ROOT}/Manifest.lock",
			);
			name = "[CP] Check Pods Manifest.lock";
			outputPaths = (
				"$(DERIVED_FILE_DIR)/Pods-VWO Demo-checkManifestLockResult.txt",
			);
			runOnlyForDeploymentPostprocessing = 0;
			shellPath = /bin/sh;
			shellScript = "diff \"${PODS_PODFILE_DIR_PATH}/Podfile.lock\" \"${PODS_ROOT}/Manifest.lock\" > /dev/null\nif [ $? != 0 ] ; then\n    # print error to STDERR\n    echo \"error: The sandbox is not in sync with the Podfile.lock. Run 'pod install' or update your CocoaPods installation.\" >&2\n    exit 1\nfi\n# This output is used by Xcode 'outputs' to avoid re-running this script phase.\necho \"SUCCESS\" > \"${SCRIPT_OUTPUT_FILE_0}\"\n";
			showEnvVarsInLog = 0;
		};
/* End PBXShellScriptBuildPhase section */

/* Begin PBXSourcesBuildPhase section */
		E34D6BA61F7E4BE40094A905 /* Sources */ = {
			isa = PBXSourcesBuildPhase;
			buildActionMask = 2147483647;
			files = (
				E390A959210747EB00F5777D /* APIKeyManager.swift in Sources */,
				E3F4293320FDFAC700CA281F /* Phone.swift in Sources */,
				E34D6BDA1F7E4D5E0094A905 /* PhoneDetailVC.swift in Sources */,
				E3FC3A2020FC85140097DB02 /* PhoneListVC.swift in Sources */,
				E34D6BDB1F7E4D5E0094A905 /* MenuVC.swift in Sources */,
				E3FC3A2220FCA07B0097DB02 /* HouseCollectionVC.swift in Sources */,
				E34D6BD81F7E4D5E0094A905 /* Extras.swift in Sources */,
				E390A9572107464100F5777D /* VWOManager.swift in Sources */,
				E34D6BD91F7E4D5E0094A905 /* PhoneCellView.swift in Sources */,
				E3FC3A2620FCD8CC0097DB02 /* HouseCollectionCell.swift in Sources */,
				E34D6BAE1F7E4BE40094A905 /* AppDelegate.swift in Sources */,
				E3FFD9221F7E547B0025F6FD /* SlideMenuController.swift in Sources */,
			);
			runOnlyForDeploymentPostprocessing = 0;
		};
		E34D6BBA1F7E4BE40094A905 /* Sources */ = {
			isa = PBXSourcesBuildPhase;
			buildActionMask = 2147483647;
			files = (
				E34D6BC31F7E4BE40094A905 /* VWO_DemoTests.swift in Sources */,
			);
			runOnlyForDeploymentPostprocessing = 0;
		};
/* End PBXSourcesBuildPhase section */

/* Begin PBXTargetDependency section */
		E34D6BC01F7E4BE40094A905 /* PBXTargetDependency */ = {
			isa = PBXTargetDependency;
			target = E34D6BA91F7E4BE40094A905 /* VWO Demo */;
			targetProxy = E34D6BBF1F7E4BE40094A905 /* PBXContainerItemProxy */;
		};
/* End PBXTargetDependency section */

/* Begin PBXVariantGroup section */
		E34D6BB11F7E4BE40094A905 /* Main.storyboard */ = {
			isa = PBXVariantGroup;
			children = (
				E34D6BB21F7E4BE40094A905 /* Base */,
			);
			name = Main.storyboard;
			sourceTree = "<group>";
		};
		E34D6BB61F7E4BE40094A905 /* LaunchScreen.storyboard */ = {
			isa = PBXVariantGroup;
			children = (
				E34D6BB71F7E4BE40094A905 /* Base */,
			);
			name = LaunchScreen.storyboard;
			sourceTree = "<group>";
		};
/* End PBXVariantGroup section */

/* Begin XCBuildConfiguration section */
		E34D6BC51F7E4BE40094A905 /* Debug */ = {
			isa = XCBuildConfiguration;
			buildSettings = {
				ALWAYS_SEARCH_USER_PATHS = NO;
				CLANG_ANALYZER_NONNULL = YES;
				CLANG_ANALYZER_NUMBER_OBJECT_CONVERSION = YES_AGGRESSIVE;
				CLANG_CXX_LANGUAGE_STANDARD = "gnu++14";
				CLANG_CXX_LIBRARY = "libc++";
				CLANG_ENABLE_MODULES = YES;
				CLANG_ENABLE_OBJC_ARC = YES;
				CLANG_WARN_BLOCK_CAPTURE_AUTORELEASING = YES;
				CLANG_WARN_BOOL_CONVERSION = YES;
				CLANG_WARN_COMMA = YES;
				CLANG_WARN_CONSTANT_CONVERSION = YES;
				CLANG_WARN_DEPRECATED_OBJC_IMPLEMENTATIONS = YES;
				CLANG_WARN_DIRECT_OBJC_ISA_USAGE = YES_ERROR;
				CLANG_WARN_DOCUMENTATION_COMMENTS = YES;
				CLANG_WARN_EMPTY_BODY = YES;
				CLANG_WARN_ENUM_CONVERSION = YES;
				CLANG_WARN_INFINITE_RECURSION = YES;
				CLANG_WARN_INT_CONVERSION = YES;
				CLANG_WARN_NON_LITERAL_NULL_CONVERSION = YES;
				CLANG_WARN_OBJC_IMPLICIT_RETAIN_SELF = YES;
				CLANG_WARN_OBJC_LITERAL_CONVERSION = YES;
				CLANG_WARN_OBJC_ROOT_CLASS = YES_ERROR;
				CLANG_WARN_RANGE_LOOP_ANALYSIS = YES;
				CLANG_WARN_STRICT_PROTOTYPES = YES;
				CLANG_WARN_SUSPICIOUS_MOVE = YES;
				CLANG_WARN_UNGUARDED_AVAILABILITY = YES_AGGRESSIVE;
				CLANG_WARN_UNREACHABLE_CODE = YES;
				CLANG_WARN__DUPLICATE_METHOD_MATCH = YES;
				CODE_SIGN_IDENTITY = "iPhone Developer";
				COPY_PHASE_STRIP = NO;
				DEBUG_INFORMATION_FORMAT = dwarf;
				ENABLE_STRICT_OBJC_MSGSEND = YES;
				ENABLE_TESTABILITY = YES;
				GCC_C_LANGUAGE_STANDARD = gnu11;
				GCC_DYNAMIC_NO_PIC = NO;
				GCC_NO_COMMON_BLOCKS = YES;
				GCC_OPTIMIZATION_LEVEL = 0;
				GCC_PREPROCESSOR_DEFINITIONS = (
					"DEBUG=1",
					"$(inherited)",
				);
				GCC_WARN_64_TO_32_BIT_CONVERSION = YES;
				GCC_WARN_ABOUT_RETURN_TYPE = YES_ERROR;
				GCC_WARN_UNDECLARED_SELECTOR = YES;
				GCC_WARN_UNINITIALIZED_AUTOS = YES_AGGRESSIVE;
				GCC_WARN_UNUSED_FUNCTION = YES;
				GCC_WARN_UNUSED_VARIABLE = YES;
				IPHONEOS_DEPLOYMENT_TARGET = 11.0;
				MTL_ENABLE_DEBUG_INFO = YES;
				ONLY_ACTIVE_ARCH = YES;
				SDKROOT = iphoneos;
				SWIFT_ACTIVE_COMPILATION_CONDITIONS = DEBUG;
				SWIFT_OPTIMIZATION_LEVEL = "-Onone";
			};
			name = Debug;
		};
		E34D6BC61F7E4BE40094A905 /* Release */ = {
			isa = XCBuildConfiguration;
			buildSettings = {
				ALWAYS_SEARCH_USER_PATHS = NO;
				CLANG_ANALYZER_NONNULL = YES;
				CLANG_ANALYZER_NUMBER_OBJECT_CONVERSION = YES_AGGRESSIVE;
				CLANG_CXX_LANGUAGE_STANDARD = "gnu++14";
				CLANG_CXX_LIBRARY = "libc++";
				CLANG_ENABLE_MODULES = YES;
				CLANG_ENABLE_OBJC_ARC = YES;
				CLANG_WARN_BLOCK_CAPTURE_AUTORELEASING = YES;
				CLANG_WARN_BOOL_CONVERSION = YES;
				CLANG_WARN_COMMA = YES;
				CLANG_WARN_CONSTANT_CONVERSION = YES;
				CLANG_WARN_DEPRECATED_OBJC_IMPLEMENTATIONS = YES;
				CLANG_WARN_DIRECT_OBJC_ISA_USAGE = YES_ERROR;
				CLANG_WARN_DOCUMENTATION_COMMENTS = YES;
				CLANG_WARN_EMPTY_BODY = YES;
				CLANG_WARN_ENUM_CONVERSION = YES;
				CLANG_WARN_INFINITE_RECURSION = YES;
				CLANG_WARN_INT_CONVERSION = YES;
				CLANG_WARN_NON_LITERAL_NULL_CONVERSION = YES;
				CLANG_WARN_OBJC_IMPLICIT_RETAIN_SELF = YES;
				CLANG_WARN_OBJC_LITERAL_CONVERSION = YES;
				CLANG_WARN_OBJC_ROOT_CLASS = YES_ERROR;
				CLANG_WARN_RANGE_LOOP_ANALYSIS = YES;
				CLANG_WARN_STRICT_PROTOTYPES = YES;
				CLANG_WARN_SUSPICIOUS_MOVE = YES;
				CLANG_WARN_UNGUARDED_AVAILABILITY = YES_AGGRESSIVE;
				CLANG_WARN_UNREACHABLE_CODE = YES;
				CLANG_WARN__DUPLICATE_METHOD_MATCH = YES;
				CODE_SIGN_IDENTITY = "iPhone Developer";
				COPY_PHASE_STRIP = NO;
				DEBUG_INFORMATION_FORMAT = "dwarf-with-dsym";
				ENABLE_NS_ASSERTIONS = NO;
				ENABLE_STRICT_OBJC_MSGSEND = YES;
				GCC_C_LANGUAGE_STANDARD = gnu11;
				GCC_NO_COMMON_BLOCKS = YES;
				GCC_WARN_64_TO_32_BIT_CONVERSION = YES;
				GCC_WARN_ABOUT_RETURN_TYPE = YES_ERROR;
				GCC_WARN_UNDECLARED_SELECTOR = YES;
				GCC_WARN_UNINITIALIZED_AUTOS = YES_AGGRESSIVE;
				GCC_WARN_UNUSED_FUNCTION = YES;
				GCC_WARN_UNUSED_VARIABLE = YES;
				IPHONEOS_DEPLOYMENT_TARGET = 11.0;
				MTL_ENABLE_DEBUG_INFO = NO;
				SDKROOT = iphoneos;
				SWIFT_OPTIMIZATION_LEVEL = "-Owholemodule";
				VALIDATE_PRODUCT = YES;
			};
			name = Release;
		};
		E34D6BC81F7E4BE40094A905 /* Debug */ = {
			isa = XCBuildConfiguration;
			baseConfigurationReference = E29775C6CEE32F6DD028E06B /* Pods-VWO Demo.debug.xcconfig */;
			buildSettings = {
				ASSETCATALOG_COMPILER_APPICON_NAME = AppIcon;
				CODE_SIGN_STYLE = Automatic;
				CURRENT_PROJECT_VERSION = 11;
				DEVELOPMENT_TEAM = DBN26NC8KE;
				FRAMEWORK_SEARCH_PATHS = "$(inherited)";
				INFOPLIST_FILE = "VWO Demo/Info.plist";
				IPHONEOS_DEPLOYMENT_TARGET = 9.0;
				LD_RUNPATH_SEARCH_PATHS = "$(inherited) @executable_path/Frameworks";
				MARKETING_VERSION = 1.3.7;
				PRODUCT_BUNDLE_IDENTIFIER = com.wingify.abtestapp;
				PRODUCT_NAME = "$(TARGET_NAME)";
				SWIFT_ACTIVE_COMPILATION_CONDITIONS = "DEBUG VWO_DEBUG";
				SWIFT_VERSION = 4.0;
				TARGETED_DEVICE_FAMILY = "1,2";
			};
			name = Debug;
		};
		E34D6BC91F7E4BE40094A905 /* Release */ = {
			isa = XCBuildConfiguration;
			baseConfigurationReference = BB5B8FB3D715DA6E51505A25 /* Pods-VWO Demo.release.xcconfig */;
			buildSettings = {
				ASSETCATALOG_COMPILER_APPICON_NAME = AppIcon;
				CODE_SIGN_STYLE = Automatic;
				CURRENT_PROJECT_VERSION = 11;
				DEVELOPMENT_TEAM = DBN26NC8KE;
				FRAMEWORK_SEARCH_PATHS = "$(inherited)";
				INFOPLIST_FILE = "VWO Demo/Info.plist";
				IPHONEOS_DEPLOYMENT_TARGET = 9.0;
				LD_RUNPATH_SEARCH_PATHS = "$(inherited) @executable_path/Frameworks";
				MARKETING_VERSION = 1.3.7;
				PRODUCT_BUNDLE_IDENTIFIER = com.wingify.abtestapp;
				PRODUCT_NAME = "$(TARGET_NAME)";
				SWIFT_VERSION = 4.0;
				TARGETED_DEVICE_FAMILY = "1,2";
			};
			name = Release;
		};
		E34D6BCB1F7E4BE40094A905 /* Debug */ = {
			isa = XCBuildConfiguration;
			buildSettings = {
				ALWAYS_EMBED_SWIFT_STANDARD_LIBRARIES = YES;
				BUNDLE_LOADER = "$(TEST_HOST)";
				CODE_SIGN_STYLE = Automatic;
				DEVELOPMENT_TEAM = DBN26NC8KE;
				INFOPLIST_FILE = "VWO DemoTests/Info.plist";
				LD_RUNPATH_SEARCH_PATHS = "$(inherited) @executable_path/Frameworks @loader_path/Frameworks";
				PRODUCT_BUNDLE_IDENTIFIER = "com.wingify.VWO-DemoTests";
				PRODUCT_NAME = "$(TARGET_NAME)";
				SWIFT_VERSION = 4.0;
				TARGETED_DEVICE_FAMILY = "1,2";
				TEST_HOST = "$(BUILT_PRODUCTS_DIR)/VWO Demo.app/VWO Demo";
			};
			name = Debug;
		};
		E34D6BCC1F7E4BE40094A905 /* Release */ = {
			isa = XCBuildConfiguration;
			buildSettings = {
				ALWAYS_EMBED_SWIFT_STANDARD_LIBRARIES = YES;
				BUNDLE_LOADER = "$(TEST_HOST)";
				CODE_SIGN_STYLE = Automatic;
				DEVELOPMENT_TEAM = DBN26NC8KE;
				INFOPLIST_FILE = "VWO DemoTests/Info.plist";
				LD_RUNPATH_SEARCH_PATHS = "$(inherited) @executable_path/Frameworks @loader_path/Frameworks";
				PRODUCT_BUNDLE_IDENTIFIER = "com.wingify.VWO-DemoTests";
				PRODUCT_NAME = "$(TARGET_NAME)";
				SWIFT_VERSION = 4.0;
				TARGETED_DEVICE_FAMILY = "1,2";
				TEST_HOST = "$(BUILT_PRODUCTS_DIR)/VWO Demo.app/VWO Demo";
			};
			name = Release;
		};
/* End XCBuildConfiguration section */

/* Begin XCConfigurationList section */
		E34D6BA51F7E4BE40094A905 /* Build configuration list for PBXProject "VWO Demo" */ = {
			isa = XCConfigurationList;
			buildConfigurations = (
				E34D6BC51F7E4BE40094A905 /* Debug */,
				E34D6BC61F7E4BE40094A905 /* Release */,
			);
			defaultConfigurationIsVisible = 0;
			defaultConfigurationName = Release;
		};
		E34D6BC71F7E4BE40094A905 /* Build configuration list for PBXNativeTarget "VWO Demo" */ = {
			isa = XCConfigurationList;
			buildConfigurations = (
				E34D6BC81F7E4BE40094A905 /* Debug */,
				E34D6BC91F7E4BE40094A905 /* Release */,
			);
			defaultConfigurationIsVisible = 0;
			defaultConfigurationName = Release;
		};
		E34D6BCA1F7E4BE40094A905 /* Build configuration list for PBXNativeTarget "VWO DemoTests" */ = {
			isa = XCConfigurationList;
			buildConfigurations = (
				E34D6BCB1F7E4BE40094A905 /* Debug */,
				E34D6BCC1F7E4BE40094A905 /* Release */,
			);
			defaultConfigurationIsVisible = 0;
			defaultConfigurationName = Release;
		};
/* End XCConfigurationList section */
	};
	rootObject = E34D6BA21F7E4BE40094A905 /* Project object */;
}
