PODS:
  - MBProgressHUD (1.1.0)
  - SCLAlertView (0.8)
  - Socket.IO-Client-Swift (13.4.0):
    - Starscream (~> 3.0.2)
  - Starscream (3.0.6)
  - VWO (2.7.0):
    - VWO/All (= 2.7.0)
  - VWO/All (2.7.0):
    - Socket.IO-Client-Swift (~> 13.1)

DEPENDENCIES:
  - MBProgressHUD (~> 1.1.0)
  - SCLAlertView
  - VWO (from `../`)

SPEC REPOS:
  trunk:
    - MBProgressHUD
    - SCLAlertView
    - Socket.IO-Client-Swift
    - Starscream

EXTERNAL SOURCES:
  VWO:
    :path: "../"

SPEC CHECKSUMS:
  MBProgressHUD: e7baa36a220447d8aeb12769bf0585582f3866d9
  SCLAlertView: 6a77bb2edfc65e04dbe57725546cb4107a506b85
  Socket.IO-Client-Swift: 2b2720f14c92ff1237ced09bc2f2da2022624fee
  Starscream: ef3ece99d765eeccb67de105bfa143f929026cf5
  VWO: f86cb4e2df45c2c04188800ebcede0da0ae10e4c

PODFILE CHECKSUM: d09e5733ca3cd69659f82c8ebab0ed0ff0b9e3a7

COCOAPODS: 1.10.1
