// !$*UTF8*$!
{
	archiveVersion = 1;
	classes = {
	};
	objectVersion = 46;
	objects = {

/* Begin PBXBuildFile section */
		01FB866A169E2D8B00A0A1A8 /* UIKit.framework in Frameworks */ = {isa = PBXBuildFile; fileRef = 01FB8669169E2D8B00A0A1A8 /* UIKit.framework */; };
		01FB866C169E2D8B00A0A1A8 /* Foundation.framework in Frameworks */ = {isa = PBXBuildFile; fileRef = 01FB866B169E2D8B00A0A1A8 /* Foundation.framework */; };
		01FB866E169E2D8B00A0A1A8 /* CoreGraphics.framework in Frameworks */ = {isa = PBXBuildFile; fileRef = 01FB866D169E2D8B00A0A1A8 /* CoreGraphics.framework */; };
		01FB86B0169E42B600A0A1A8 /* MapKit.framework in Frameworks */ = {isa = PBXBuildFile; fileRef = 01FB86AF169E42B600A0A1A8 /* MapKit.framework */; };
		A27A83A606C55FEB178DE9D9 /* Pods_WingifyMobileApp.framework in Frameworks */ = {isa = PBXBuildFile; fileRef = 2DB66B02BC8243138A2E6F7B /* Pods_WingifyMobileApp.framework */; };
		CC9F01821BF0B06B00A0165F /* Images.xcassets in Resources */ = {isa = PBXBuildFile; fileRef = CC9F01811BF0B06B00A0165F /* Images.xcassets */; };
		CCCB75181BFC8D9900A05CC4 /* AboutViewController.m in Sources */ = {isa = PBXBuildFile; fileRef = CCCB74FA1BFC8D9900A05CC4 /* AboutViewController.m */; };
		CCCB75191BFC8D9900A05CC4 /* AppDelegate.m in Sources */ = {isa = PBXBuildFile; fileRef = CCCB74FC1BFC8D9900A05CC4 /* AppDelegate.m */; };
		CCCB751A1BFC8D9900A05CC4 /* BannerViewController.m in Sources */ = {isa = PBXBuildFile; fileRef = CCCB74FE1BFC8D9900A05CC4 /* BannerViewController.m */; };
		CCCB751B1BFC8D9900A05CC4 /* Default-568h@2x.png in Resources */ = {isa = PBXBuildFile; fileRef = CCCB74FF1BFC8D9900A05CC4 /* Default-568h@2x.png */; };
		CCCB751C1BFC8D9900A05CC4 /* Default.png in Resources */ = {isa = PBXBuildFile; fileRef = CCCB75001BFC8D9900A05CC4 /* Default.png */; };
		CCCB751D1BFC8D9900A05CC4 /* Default@2x.png in Resources */ = {isa = PBXBuildFile; fileRef = CCCB75011BFC8D9900A05CC4 /* Default@2x.png */; };
		CCCB751E1BFC8D9900A05CC4 /* InfoPlist.strings in Resources */ = {isa = PBXBuildFile; fileRef = CCCB75021BFC8D9900A05CC4 /* InfoPlist.strings */; };
		CCCB751F1BFC8D9900A05CC4 /* MainStoryboard-iPad.storyboard in Resources */ = {isa = PBXBuildFile; fileRef = CCCB75041BFC8D9900A05CC4 /* MainStoryboard-iPad.storyboard */; };
		CCCB75201BFC8D9900A05CC4 /* MainStoryboard.storyboard in Resources */ = {isa = PBXBuildFile; fileRef = CCCB75061BFC8D9900A05CC4 /* MainStoryboard.storyboard */; };
		CCCB75211BFC8D9900A05CC4 /* LoginViewController.m in Sources */ = {isa = PBXBuildFile; fileRef = CCCB75091BFC8D9900A05CC4 /* LoginViewController.m */; };
		CCCB75221BFC8D9900A05CC4 /* main.m in Sources */ = {isa = PBXBuildFile; fileRef = CCCB750A1BFC8D9900A05CC4 /* main.m */; };
		CCCB75231BFC8D9900A05CC4 /* MenuViewController.m in Sources */ = {isa = PBXBuildFile; fileRef = CCCB750C1BFC8D9900A05CC4 /* MenuViewController.m */; };
		CCCB75241BFC8D9900A05CC4 /* reveal-icon.png in Resources */ = {isa = PBXBuildFile; fileRef = CCCB750D1BFC8D9900A05CC4 /* reveal-icon.png */; };
		CCCB75251BFC8D9900A05CC4 /* reveal-icon@2x.png in Resources */ = {isa = PBXBuildFile; fileRef = CCCB750E1BFC8D9900A05CC4 /* reveal-icon@2x.png */; };
		CCCB75261BFC8D9900A05CC4 /* SortViewController.m in Sources */ = {isa = PBXBuildFile; fileRef = CCCB75101BFC8D9900A05CC4 /* SortViewController.m */; };
		CCCB75271BFC8D9900A05CC4 /* SWRevealViewController.m in Sources */ = {isa = PBXBuildFile; fileRef = CCCB75131BFC8D9900A05CC4 /* SWRevealViewController.m */; };
		CCCB75281BFC8D9900A05CC4 /* VariableViewController.m in Sources */ = {isa = PBXBuildFile; fileRef = CCCB75151BFC8D9900A05CC4 /* VariableViewController.m */; };
		CCCB75291BFC8D9900A05CC4 /* WingifyMobileApp-Info.plist in Resources */ = {isa = PBXBuildFile; fileRef = CCCB75161BFC8D9900A05CC4 /* WingifyMobileApp-Info.plist */; };
		CCCB75371BFC8DA600A05CC4 /* B1@2x.png in Resources */ = {isa = PBXBuildFile; fileRef = CCCB752B1BFC8DA600A05CC4 /* B1@2x.png */; };
		CCCB75381BFC8DA600A05CC4 /* B2@2x.png in Resources */ = {isa = PBXBuildFile; fileRef = CCCB752C1BFC8DA600A05CC4 /* B2@2x.png */; };
		CCCB75391BFC8DA600A05CC4 /* B3@2x.png in Resources */ = {isa = PBXBuildFile; fileRef = CCCB752D1BFC8DA600A05CC4 /* B3@2x.png */; };
		CCCB753A1BFC8DA600A05CC4 /* background.jpg in Resources */ = {isa = PBXBuildFile; fileRef = CCCB752E1BFC8DA600A05CC4 /* background.jpg */; };
		CCCB753B1BFC8DA600A05CC4 /* background1.jpg in Resources */ = {isa = PBXBuildFile; fileRef = CCCB752F1BFC8DA600A05CC4 /* background1.jpg */; };
		CCCB753C1BFC8DA600A05CC4 /* football.png in Resources */ = {isa = PBXBuildFile; fileRef = CCCB75301BFC8DA600A05CC4 /* football.png */; };
		CCCB753D1BFC8DA600A05CC4 /* image1.jpeg in Resources */ = {isa = PBXBuildFile; fileRef = CCCB75311BFC8DA600A05CC4 /* image1.jpeg */; };
		CCCB753E1BFC8DA600A05CC4 /* P1.png in Resources */ = {isa = PBXBuildFile; fileRef = CCCB75321BFC8DA600A05CC4 /* P1.png */; };
		CCCB753F1BFC8DA600A05CC4 /* P2.png in Resources */ = {isa = PBXBuildFile; fileRef = CCCB75331BFC8DA600A05CC4 /* P2.png */; };
		CCCB75401BFC8DA600A05CC4 /* P3.png in Resources */ = {isa = PBXBuildFile; fileRef = CCCB75341BFC8DA600A05CC4 /* P3.png */; };
		CCCB75411BFC8DA600A05CC4 /* P4.png in Resources */ = {isa = PBXBuildFile; fileRef = CCCB75351BFC8DA600A05CC4 /* P4.png */; };
		CCCB75421BFC8DA600A05CC4 /* white-bg.png in Resources */ = {isa = PBXBuildFile; fileRef = CCCB75361BFC8DA600A05CC4 /* white-bg.png */; };
/* End PBXBuildFile section */

/* Begin PBXFileReference section */
		01FB8665169E2D8B00A0A1A8 /* WingifyMobileApp.app */ = {isa = PBXFileReference; explicitFileType = wrapper.application; includeInIndex = 0; path = WingifyMobileApp.app; sourceTree = BUILT_PRODUCTS_DIR; };
		01FB8669169E2D8B00A0A1A8 /* UIKit.framework */ = {isa = PBXFileReference; lastKnownFileType = wrapper.framework; name = UIKit.framework; path = System/Library/Frameworks/UIKit.framework; sourceTree = SDKROOT; };
		01FB866B169E2D8B00A0A1A8 /* Foundation.framework */ = {isa = PBXFileReference; lastKnownFileType = wrapper.framework; name = Foundation.framework; path = System/Library/Frameworks/Foundation.framework; sourceTree = SDKROOT; };
		01FB866D169E2D8B00A0A1A8 /* CoreGraphics.framework */ = {isa = PBXFileReference; lastKnownFileType = wrapper.framework; name = CoreGraphics.framework; path = System/Library/Frameworks/CoreGraphics.framework; sourceTree = SDKROOT; };
		01FB86AF169E42B600A0A1A8 /* MapKit.framework */ = {isa = PBXFileReference; lastKnownFileType = wrapper.framework; name = MapKit.framework; path = System/Library/Frameworks/MapKit.framework; sourceTree = SDKROOT; };
		0A1BFA9D99210C96783C32FE /* libPods-WingifyABTestApp.a */ = {isa = PBXFileReference; explicitFileType = archive.ar; includeInIndex = 0; path = "libPods-WingifyABTestApp.a"; sourceTree = BUILT_PRODUCTS_DIR; };
		0CEEFF4E7D641426AD9108E7 /* Pods-WingifyABTestApp.release.xcconfig */ = {isa = PBXFileReference; includeInIndex = 1; lastKnownFileType = text.xcconfig; name = "Pods-WingifyABTestApp.release.xcconfig"; path = "Pods/Target Support Files/Pods-WingifyABTestApp/Pods-WingifyABTestApp.release.xcconfig"; sourceTree = "<group>"; };
		23130EAB8CE3F376CAD3747F /* Pods-WingifyMobileApp.release.xcconfig */ = {isa = PBXFileReference; includeInIndex = 1; lastKnownFileType = text.xcconfig; name = "Pods-WingifyMobileApp.release.xcconfig"; path = "Pods/Target Support Files/Pods-WingifyMobileApp/Pods-WingifyMobileApp.release.xcconfig"; sourceTree = "<group>"; };
		2DB66B02BC8243138A2E6F7B /* Pods_WingifyMobileApp.framework */ = {isa = PBXFileReference; explicitFileType = wrapper.framework; includeInIndex = 0; path = Pods_WingifyMobileApp.framework; sourceTree = BUILT_PRODUCTS_DIR; };
		CC9F01811BF0B06B00A0165F /* Images.xcassets */ = {isa = PBXFileReference; lastKnownFileType = folder.assetcatalog; name = Images.xcassets; path = WingifyABTestApp/Images.xcassets; sourceTree = "<group>"; };
		CCCB74F91BFC8D9900A05CC4 /* AboutViewController.h */ = {isa = PBXFileReference; fileEncoding = 4; lastKnownFileType = sourcecode.c.h; path = AboutViewController.h; sourceTree = "<group>"; };
		CCCB74FA1BFC8D9900A05CC4 /* AboutViewController.m */ = {isa = PBXFileReference; fileEncoding = 4; lastKnownFileType = sourcecode.c.objc; path = AboutViewController.m; sourceTree = "<group>"; };
		CCCB74FB1BFC8D9900A05CC4 /* AppDelegate.h */ = {isa = PBXFileReference; fileEncoding = 4; lastKnownFileType = sourcecode.c.h; path = AppDelegate.h; sourceTree = "<group>"; };
		CCCB74FC1BFC8D9900A05CC4 /* AppDelegate.m */ = {isa = PBXFileReference; fileEncoding = 4; lastKnownFileType = sourcecode.c.objc; path = AppDelegate.m; sourceTree = "<group>"; };
		CCCB74FD1BFC8D9900A05CC4 /* BannerViewController.h */ = {isa = PBXFileReference; fileEncoding = 4; lastKnownFileType = sourcecode.c.h; path = BannerViewController.h; sourceTree = "<group>"; };
		CCCB74FE1BFC8D9900A05CC4 /* BannerViewController.m */ = {isa = PBXFileReference; fileEncoding = 4; lastKnownFileType = sourcecode.c.objc; path = BannerViewController.m; sourceTree = "<group>"; };
		CCCB74FF1BFC8D9900A05CC4 /* Default-568h@2x.png */ = {isa = PBXFileReference; lastKnownFileType = image.png; path = "Default-568h@2x.png"; sourceTree = "<group>"; };
		CCCB75001BFC8D9900A05CC4 /* Default.png */ = {isa = PBXFileReference; lastKnownFileType = image.png; path = Default.png; sourceTree = "<group>"; };
		CCCB75011BFC8D9900A05CC4 /* Default@2x.png */ = {isa = PBXFileReference; lastKnownFileType = image.png; path = "Default@2x.png"; sourceTree = "<group>"; };
		CCCB75031BFC8D9900A05CC4 /* en */ = {isa = PBXFileReference; lastKnownFileType = text.plist.strings; name = en; path = en.lproj/InfoPlist.strings; sourceTree = "<group>"; };
		CCCB75051BFC8D9900A05CC4 /* en */ = {isa = PBXFileReference; lastKnownFileType = file.storyboard; name = en; path = "en.lproj/MainStoryboard-iPad.storyboard"; sourceTree = "<group>"; };
		CCCB75071BFC8D9900A05CC4 /* en */ = {isa = PBXFileReference; lastKnownFileType = file.storyboard; name = en; path = en.lproj/MainStoryboard.storyboard; sourceTree = "<group>"; };
		CCCB75081BFC8D9900A05CC4 /* LoginViewController.h */ = {isa = PBXFileReference; fileEncoding = 4; lastKnownFileType = sourcecode.c.h; path = LoginViewController.h; sourceTree = "<group>"; };
		CCCB75091BFC8D9900A05CC4 /* LoginViewController.m */ = {isa = PBXFileReference; fileEncoding = 4; lastKnownFileType = sourcecode.c.objc; path = LoginViewController.m; sourceTree = "<group>"; };
		CCCB750A1BFC8D9900A05CC4 /* main.m */ = {isa = PBXFileReference; fileEncoding = 4; lastKnownFileType = sourcecode.c.objc; path = main.m; sourceTree = "<group>"; };
		CCCB750B1BFC8D9900A05CC4 /* MenuViewController.h */ = {isa = PBXFileReference; fileEncoding = 4; lastKnownFileType = sourcecode.c.h; path = MenuViewController.h; sourceTree = "<group>"; };
		CCCB750C1BFC8D9900A05CC4 /* MenuViewController.m */ = {isa = PBXFileReference; fileEncoding = 4; lastKnownFileType = sourcecode.c.objc; path = MenuViewController.m; sourceTree = "<group>"; };
		CCCB750D1BFC8D9900A05CC4 /* reveal-icon.png */ = {isa = PBXFileReference; lastKnownFileType = image.png; path = "reveal-icon.png"; sourceTree = "<group>"; };
		CCCB750E1BFC8D9900A05CC4 /* reveal-icon@2x.png */ = {isa = PBXFileReference; lastKnownFileType = image.png; path = "reveal-icon@2x.png"; sourceTree = "<group>"; };
		CCCB750F1BFC8D9900A05CC4 /* SortViewController.h */ = {isa = PBXFileReference; fileEncoding = 4; lastKnownFileType = sourcecode.c.h; path = SortViewController.h; sourceTree = "<group>"; };
		CCCB75101BFC8D9900A05CC4 /* SortViewController.m */ = {isa = PBXFileReference; fileEncoding = 4; lastKnownFileType = sourcecode.c.objc; path = SortViewController.m; sourceTree = "<group>"; };
		CCCB75121BFC8D9900A05CC4 /* SWRevealViewController.h */ = {isa = PBXFileReference; fileEncoding = 4; lastKnownFileType = sourcecode.c.h; path = SWRevealViewController.h; sourceTree = "<group>"; };
		CCCB75131BFC8D9900A05CC4 /* SWRevealViewController.m */ = {isa = PBXFileReference; fileEncoding = 4; lastKnownFileType = sourcecode.c.objc; path = SWRevealViewController.m; sourceTree = "<group>"; };
		CCCB75141BFC8D9900A05CC4 /* VariableViewController.h */ = {isa = PBXFileReference; fileEncoding = 4; lastKnownFileType = sourcecode.c.h; path = VariableViewController.h; sourceTree = "<group>"; };
		CCCB75151BFC8D9900A05CC4 /* VariableViewController.m */ = {isa = PBXFileReference; fileEncoding = 4; lastKnownFileType = sourcecode.c.objc; path = VariableViewController.m; sourceTree = "<group>"; };
		CCCB75161BFC8D9900A05CC4 /* WingifyMobileApp-Info.plist */ = {isa = PBXFileReference; fileEncoding = 4; lastKnownFileType = text.plist.xml; path = "WingifyMobileApp-Info.plist"; sourceTree = "<group>"; };
		CCCB75171BFC8D9900A05CC4 /* WingifyMobileApp-Prefix.pch */ = {isa = PBXFileReference; fileEncoding = 4; lastKnownFileType = sourcecode.c.h; path = "WingifyMobileApp-Prefix.pch"; sourceTree = "<group>"; };
		CCCB752B1BFC8DA600A05CC4 /* B1@2x.png */ = {isa = PBXFileReference; lastKnownFileType = image.png; path = "B1@2x.png"; sourceTree = "<group>"; };
		CCCB752C1BFC8DA600A05CC4 /* B2@2x.png */ = {isa = PBXFileReference; lastKnownFileType = image.png; path = "B2@2x.png"; sourceTree = "<group>"; };
		CCCB752D1BFC8DA600A05CC4 /* B3@2x.png */ = {isa = PBXFileReference; lastKnownFileType = image.png; path = "B3@2x.png"; sourceTree = "<group>"; };
		CCCB752E1BFC8DA600A05CC4 /* background.jpg */ = {isa = PBXFileReference; lastKnownFileType = image.jpeg; path = background.jpg; sourceTree = "<group>"; };
		CCCB752F1BFC8DA600A05CC4 /* background1.jpg */ = {isa = PBXFileReference; lastKnownFileType = image.jpeg; path = background1.jpg; sourceTree = "<group>"; };
		CCCB75301BFC8DA600A05CC4 /* football.png */ = {isa = PBXFileReference; lastKnownFileType = image.png; path = football.png; sourceTree = "<group>"; };
		CCCB75311BFC8DA600A05CC4 /* image1.jpeg */ = {isa = PBXFileReference; lastKnownFileType = image.jpeg; path = image1.jpeg; sourceTree = "<group>"; };
		CCCB75321BFC8DA600A05CC4 /* P1.png */ = {isa = PBXFileReference; lastKnownFileType = image.png; path = P1.png; sourceTree = "<group>"; };
		CCCB75331BFC8DA600A05CC4 /* P2.png */ = {isa = PBXFileReference; lastKnownFileType = image.png; path = P2.png; sourceTree = "<group>"; };
		CCCB75341BFC8DA600A05CC4 /* P3.png */ = {isa = PBXFileReference; lastKnownFileType = image.png; path = P3.png; sourceTree = "<group>"; };
		CCCB75351BFC8DA600A05CC4 /* P4.png */ = {isa = PBXFileReference; lastKnownFileType = image.png; path = P4.png; sourceTree = "<group>"; };
		CCCB75361BFC8DA600A05CC4 /* white-bg.png */ = {isa = PBXFileReference; lastKnownFileType = image.png; path = "white-bg.png"; sourceTree = "<group>"; };
		DAB7762985B5E85B48F33859 /* Pods-WingifyABTestApp.debug.xcconfig */ = {isa = PBXFileReference; includeInIndex = 1; lastKnownFileType = text.xcconfig; name = "Pods-WingifyABTestApp.debug.xcconfig"; path = "Pods/Target Support Files/Pods-WingifyABTestApp/Pods-WingifyABTestApp.debug.xcconfig"; sourceTree = "<group>"; };
		EDEB63F9F0F4C705C4A3CD65 /* Pods-WingifyMobileApp.debug.xcconfig */ = {isa = PBXFileReference; includeInIndex = 1; lastKnownFileType = text.xcconfig; name = "Pods-WingifyMobileApp.debug.xcconfig"; path = "Pods/Target Support Files/Pods-WingifyMobileApp/Pods-WingifyMobileApp.debug.xcconfig"; sourceTree = "<group>"; };
/* End PBXFileReference section */

/* Begin PBXFrameworksBuildPhase section */
		01FB8662169E2D8B00A0A1A8 /* Frameworks */ = {
			isa = PBXFrameworksBuildPhase;
			buildActionMask = 2147483647;
			files = (
				01FB86B0169E42B600A0A1A8 /* MapKit.framework in Frameworks */,
				01FB866A169E2D8B00A0A1A8 /* UIKit.framework in Frameworks */,
				01FB866C169E2D8B00A0A1A8 /* Foundation.framework in Frameworks */,
				01FB866E169E2D8B00A0A1A8 /* CoreGraphics.framework in Frameworks */,
				A27A83A606C55FEB178DE9D9 /* Pods_WingifyMobileApp.framework in Frameworks */,
			);
			runOnlyForDeploymentPostprocessing = 0;
		};
/* End PBXFrameworksBuildPhase section */

/* Begin PBXGroup section */
		01FB865A169E2D8B00A0A1A8 = {
			isa = PBXGroup;
			children = (
				CC9F01811BF0B06B00A0165F /* Images.xcassets */,
				CCCB752A1BFC8DA600A05CC4 /* images */,
				CCCB74F81BFC8D9900A05CC4 /* Classes */,
				01FB8668169E2D8B00A0A1A8 /* Frameworks */,
				01FB8666169E2D8B00A0A1A8 /* Products */,
				8C44C615038B8F4D504FB470 /* Pods */,
			);
			sourceTree = "<group>";
		};
		01FB8666169E2D8B00A0A1A8 /* Products */ = {
			isa = PBXGroup;
			children = (
				01FB8665169E2D8B00A0A1A8 /* WingifyMobileApp.app */,
			);
			name = Products;
			sourceTree = "<group>";
		};
		01FB8668169E2D8B00A0A1A8 /* Frameworks */ = {
			isa = PBXGroup;
			children = (
				01FB86AF169E42B600A0A1A8 /* MapKit.framework */,
				01FB8669169E2D8B00A0A1A8 /* UIKit.framework */,
				01FB866B169E2D8B00A0A1A8 /* Foundation.framework */,
				01FB866D169E2D8B00A0A1A8 /* CoreGraphics.framework */,
				0A1BFA9D99210C96783C32FE /* libPods-WingifyABTestApp.a */,
				2DB66B02BC8243138A2E6F7B /* Pods_WingifyMobileApp.framework */,
			);
			name = Frameworks;
			sourceTree = "<group>";
		};
		8C44C615038B8F4D504FB470 /* Pods */ = {
			isa = PBXGroup;
			children = (
				DAB7762985B5E85B48F33859 /* Pods-WingifyABTestApp.debug.xcconfig */,
				0CEEFF4E7D641426AD9108E7 /* Pods-WingifyABTestApp.release.xcconfig */,
				EDEB63F9F0F4C705C4A3CD65 /* Pods-WingifyMobileApp.debug.xcconfig */,
				23130EAB8CE3F376CAD3747F /* Pods-WingifyMobileApp.release.xcconfig */,
			);
			name = Pods;
			sourceTree = "<group>";
		};
		CCCB74F81BFC8D9900A05CC4 /* Classes */ = {
			isa = PBXGroup;
			children = (
				CCCB74F91BFC8D9900A05CC4 /* AboutViewController.h */,
				CCCB74FA1BFC8D9900A05CC4 /* AboutViewController.m */,
				CCCB74FB1BFC8D9900A05CC4 /* AppDelegate.h */,
				CCCB74FC1BFC8D9900A05CC4 /* AppDelegate.m */,
				CCCB74FD1BFC8D9900A05CC4 /* BannerViewController.h */,
				CCCB74FE1BFC8D9900A05CC4 /* BannerViewController.m */,
				CCCB74FF1BFC8D9900A05CC4 /* Default-568h@2x.png */,
				CCCB75001BFC8D9900A05CC4 /* Default.png */,
				CCCB75011BFC8D9900A05CC4 /* Default@2x.png */,
				CCCB75021BFC8D9900A05CC4 /* InfoPlist.strings */,
				CCCB75041BFC8D9900A05CC4 /* MainStoryboard-iPad.storyboard */,
				CCCB75061BFC8D9900A05CC4 /* MainStoryboard.storyboard */,
				CCCB75081BFC8D9900A05CC4 /* LoginViewController.h */,
				CCCB75091BFC8D9900A05CC4 /* LoginViewController.m */,
				CCCB750A1BFC8D9900A05CC4 /* main.m */,
				CCCB750B1BFC8D9900A05CC4 /* MenuViewController.h */,
				CCCB750C1BFC8D9900A05CC4 /* MenuViewController.m */,
				CCCB750D1BFC8D9900A05CC4 /* reveal-icon.png */,
				CCCB750E1BFC8D9900A05CC4 /* reveal-icon@2x.png */,
				CCCB750F1BFC8D9900A05CC4 /* SortViewController.h */,
				CCCB75101BFC8D9900A05CC4 /* SortViewController.m */,
				CCCB75111BFC8D9900A05CC4 /* SWRevealViewController */,
				CCCB75141BFC8D9900A05CC4 /* VariableViewController.h */,
				CCCB75151BFC8D9900A05CC4 /* VariableViewController.m */,
				CCCB75161BFC8D9900A05CC4 /* WingifyMobileApp-Info.plist */,
				CCCB75171BFC8D9900A05CC4 /* WingifyMobileApp-Prefix.pch */,
			);
			path = Classes;
			sourceTree = "<group>";
		};
		CCCB75111BFC8D9900A05CC4 /* SWRevealViewController */ = {
			isa = PBXGroup;
			children = (
				CCCB75121BFC8D9900A05CC4 /* SWRevealViewController.h */,
				CCCB75131BFC8D9900A05CC4 /* SWRevealViewController.m */,
			);
			path = SWRevealViewController;
			sourceTree = "<group>";
		};
		CCCB752A1BFC8DA600A05CC4 /* images */ = {
			isa = PBXGroup;
			children = (
				CCCB752B1BFC8DA600A05CC4 /* B1@2x.png */,
				CCCB752C1BFC8DA600A05CC4 /* B2@2x.png */,
				CCCB752D1BFC8DA600A05CC4 /* B3@2x.png */,
				CCCB752E1BFC8DA600A05CC4 /* background.jpg */,
				CCCB752F1BFC8DA600A05CC4 /* background1.jpg */,
				CCCB75301BFC8DA600A05CC4 /* football.png */,
				CCCB75311BFC8DA600A05CC4 /* image1.jpeg */,
				CCCB75321BFC8DA600A05CC4 /* P1.png */,
				CCCB75331BFC8DA600A05CC4 /* P2.png */,
				CCCB75341BFC8DA600A05CC4 /* P3.png */,
				CCCB75351BFC8DA600A05CC4 /* P4.png */,
				CCCB75361BFC8DA600A05CC4 /* white-bg.png */,
			);
			path = images;
			sourceTree = "<group>";
		};
/* End PBXGroup section */

/* Begin PBXNativeTarget section */
		01FB8664169E2D8B00A0A1A8 /* WingifyMobileApp */ = {
			isa = PBXNativeTarget;
			buildConfigurationList = 01FB8689169E2D8B00A0A1A8 /* Build configuration list for PBXNativeTarget "WingifyMobileApp" */;
			buildPhases = (
				EABA3568354EF4B46E840C55 /* [CP] Check Pods Manifest.lock */,
				01FB8661169E2D8B00A0A1A8 /* Sources */,
				01FB8662169E2D8B00A0A1A8 /* Frameworks */,
				01FB8663169E2D8B00A0A1A8 /* Resources */,
				907CDF392969CDFFBB968E81 /* [CP] Embed Pods Frameworks */,
				E5DBB363B8BD5EF4E712ED07 /* [CP] Copy Pods Resources */,
			);
			buildRules = (
			);
			dependencies = (
			);
			name = WingifyMobileApp;
			productName = RevealControllerStoryboardExample;
			productReference = 01FB8665169E2D8B00A0A1A8 /* WingifyMobileApp.app */;
			productType = "com.apple.product-type.application";
		};
/* End PBXNativeTarget section */

/* Begin PBXProject section */
		01FB865C169E2D8B00A0A1A8 /* Project object */ = {
			isa = PBXProject;
			attributes = {
				LastUpgradeCheck = 0450;
				ORGANIZATIONNAME = Wingify;
				TargetAttributes = {
					01FB8664169E2D8B00A0A1A8 = {
						DevelopmentTeam = DBN26NC8KE;
					};
				};
			};
			buildConfigurationList = 01FB865F169E2D8B00A0A1A8 /* Build configuration list for PBXProject "WingifyMobileApp" */;
			compatibilityVersion = "Xcode 3.2";
			developmentRegion = English;
			hasScannedForEncodings = 0;
			knownRegions = (
				en,
			);
			mainGroup = 01FB865A169E2D8B00A0A1A8;
			productRefGroup = 01FB8666169E2D8B00A0A1A8 /* Products */;
			projectDirPath = "";
			projectRoot = "";
			targets = (
				01FB8664169E2D8B00A0A1A8 /* WingifyMobileApp */,
			);
		};
/* End PBXProject section */

/* Begin PBXResourcesBuildPhase section */
		01FB8663169E2D8B00A0A1A8 /* Resources */ = {
			isa = PBXResourcesBuildPhase;
			buildActionMask = 2147483647;
			files = (
				CCCB75401BFC8DA600A05CC4 /* P3.png in Resources */,
				CCCB75291BFC8D9900A05CC4 /* WingifyMobileApp-Info.plist in Resources */,
				CCCB751D1BFC8D9900A05CC4 /* Default@2x.png in Resources */,
				CCCB753F1BFC8DA600A05CC4 /* P2.png in Resources */,
				CCCB753E1BFC8DA600A05CC4 /* P1.png in Resources */,
				CCCB753C1BFC8DA600A05CC4 /* football.png in Resources */,
				CCCB75381BFC8DA600A05CC4 /* B2@2x.png in Resources */,
				CCCB753D1BFC8DA600A05CC4 /* image1.jpeg in Resources */,
				CC9F01821BF0B06B00A0165F /* Images.xcassets in Resources */,
				CCCB75391BFC8DA600A05CC4 /* B3@2x.png in Resources */,
				CCCB75371BFC8DA600A05CC4 /* B1@2x.png in Resources */,
				CCCB751F1BFC8D9900A05CC4 /* MainStoryboard-iPad.storyboard in Resources */,
				CCCB75201BFC8D9900A05CC4 /* MainStoryboard.storyboard in Resources */,
				CCCB751C1BFC8D9900A05CC4 /* Default.png in Resources */,
				CCCB75421BFC8DA600A05CC4 /* white-bg.png in Resources */,
				CCCB75411BFC8DA600A05CC4 /* P4.png in Resources */,
				CCCB753A1BFC8DA600A05CC4 /* background.jpg in Resources */,
				CCCB75251BFC8D9900A05CC4 /* reveal-icon@2x.png in Resources */,
				CCCB751B1BFC8D9900A05CC4 /* Default-568h@2x.png in Resources */,
				CCCB751E1BFC8D9900A05CC4 /* InfoPlist.strings in Resources */,
				CCCB753B1BFC8DA600A05CC4 /* background1.jpg in Resources */,
				CCCB75241BFC8D9900A05CC4 /* reveal-icon.png in Resources */,
			);
			runOnlyForDeploymentPostprocessing = 0;
		};
/* End PBXResourcesBuildPhase section */

/* Begin PBXShellScriptBuildPhase section */
		907CDF392969CDFFBB968E81 /* [CP] Embed Pods Frameworks */ = {
			isa = PBXShellScriptBuildPhase;
			buildActionMask = 2147483647;
			files = (
			);
			inputPaths = (
			);
			name = "[CP] Embed Pods Frameworks";
			outputPaths = (
			);
			runOnlyForDeploymentPostprocessing = 0;
			shellPath = /bin/sh;
			shellScript = "\"${SRCROOT}/Pods/Target Support Files/Pods-WingifyMobileApp/Pods-WingifyMobileApp-frameworks.sh\"\n";
			showEnvVarsInLog = 0;
		};
		E5DBB363B8BD5EF4E712ED07 /* [CP] Copy Pods Resources */ = {
			isa = PBXShellScriptBuildPhase;
			buildActionMask = 2147483647;
			files = (
			);
			inputPaths = (
			);
			name = "[CP] Copy Pods Resources";
			outputPaths = (
			);
			runOnlyForDeploymentPostprocessing = 0;
			shellPath = /bin/sh;
			shellScript = "\"${SRCROOT}/Pods/Target Support Files/Pods-WingifyMobileApp/Pods-WingifyMobileApp-resources.sh\"\n";
			showEnvVarsInLog = 0;
		};
		EABA3568354EF4B46E840C55 /* [CP] Check Pods Manifest.lock */ = {
			isa = PBXShellScriptBuildPhase;
			buildActionMask = 2147483647;
			files = (
			);
			inputPaths = (
			);
			name = "[CP] Check Pods Manifest.lock";
			outputPaths = (
			);
			runOnlyForDeploymentPostprocessing = 0;
			shellPath = /bin/sh;
			shellScript = "diff \"${PODS_ROOT}/../Podfile.lock\" \"${PODS_ROOT}/Manifest.lock\" > /dev/null\nif [[ $? != 0 ]] ; then\n    cat << EOM\nerror: The sandbox is not in sync with the Podfile.lock. Run 'pod install' or update your CocoaPods installation.\nEOM\n    exit 1\nfi\n";
			showEnvVarsInLog = 0;
		};
/* End PBXShellScriptBuildPhase section */

/* Begin PBXSourcesBuildPhase section */
		01FB8661169E2D8B00A0A1A8 /* Sources */ = {
			isa = PBXSourcesBuildPhase;
			buildActionMask = 2147483647;
			files = (
				CCCB75281BFC8D9900A05CC4 /* VariableViewController.m in Sources */,
				CCCB75221BFC8D9900A05CC4 /* main.m in Sources */,
				CCCB75231BFC8D9900A05CC4 /* MenuViewController.m in Sources */,
				CCCB75211BFC8D9900A05CC4 /* LoginViewController.m in Sources */,
				CCCB75271BFC8D9900A05CC4 /* SWRevealViewController.m in Sources */,
				CCCB75191BFC8D9900A05CC4 /* AppDelegate.m in Sources */,
				CCCB75261BFC8D9900A05CC4 /* SortViewController.m in Sources */,
				CCCB75181BFC8D9900A05CC4 /* AboutViewController.m in Sources */,
				CCCB751A1BFC8D9900A05CC4 /* BannerViewController.m in Sources */,
			);
			runOnlyForDeploymentPostprocessing = 0;
		};
/* End PBXSourcesBuildPhase section */

/* Begin PBXVariantGroup section */
		CCCB75021BFC8D9900A05CC4 /* InfoPlist.strings */ = {
			isa = PBXVariantGroup;
			children = (
				CCCB75031BFC8D9900A05CC4 /* en */,
			);
			name = InfoPlist.strings;
			sourceTree = "<group>";
		};
		CCCB75041BFC8D9900A05CC4 /* MainStoryboard-iPad.storyboard */ = {
			isa = PBXVariantGroup;
			children = (
				CCCB75051BFC8D9900A05CC4 /* en */,
			);
			name = "MainStoryboard-iPad.storyboard";
			sourceTree = "<group>";
		};
		CCCB75061BFC8D9900A05CC4 /* MainStoryboard.storyboard */ = {
			isa = PBXVariantGroup;
			children = (
				CCCB75071BFC8D9900A05CC4 /* en */,
			);
			name = MainStoryboard.storyboard;
			sourceTree = "<group>";
		};
/* End PBXVariantGroup section */

/* Begin XCBuildConfiguration section */
		01FB8687169E2D8B00A0A1A8 /* Debug */ = {
			isa = XCBuildConfiguration;
			buildSettings = {
				ALWAYS_SEARCH_USER_PATHS = NO;
				CLANG_CXX_LANGUAGE_STANDARD = "gnu++0x";
				CLANG_CXX_LIBRARY = "libc++";
				CLANG_ENABLE_OBJC_ARC = YES;
				CLANG_WARN_EMPTY_BODY = YES;
				CLANG_WARN__DUPLICATE_METHOD_MATCH = YES;
				"CODE_SIGN_IDENTITY[sdk=iphoneos*]" = "iPhone Developer";
				COPY_PHASE_STRIP = NO;
				GCC_C_LANGUAGE_STANDARD = gnu99;
				GCC_DYNAMIC_NO_PIC = NO;
				GCC_OPTIMIZATION_LEVEL = 0;
				GCC_PREPROCESSOR_DEFINITIONS = (
					"DEBUG=1",
					"$(inherited)",
				);
				GCC_SYMBOLS_PRIVATE_EXTERN = NO;
				GCC_WARN_ABOUT_RETURN_TYPE = YES;
				GCC_WARN_UNINITIALIZED_AUTOS = YES;
				GCC_WARN_UNUSED_VARIABLE = YES;
				IPHONEOS_DEPLOYMENT_TARGET = 7.0;
				ONLY_ACTIVE_ARCH = YES;
				SDKROOT = iphoneos;
			};
			name = Debug;
		};
		01FB8688169E2D8B00A0A1A8 /* Release */ = {
			isa = XCBuildConfiguration;
			buildSettings = {
				ALWAYS_SEARCH_USER_PATHS = NO;
				CLANG_CXX_LANGUAGE_STANDARD = "gnu++0x";
				CLANG_CXX_LIBRARY = "libc++";
				CLANG_ENABLE_OBJC_ARC = YES;
				CLANG_WARN_EMPTY_BODY = YES;
				CLANG_WARN__DUPLICATE_METHOD_MATCH = YES;
				"CODE_SIGN_IDENTITY[sdk=iphoneos*]" = "iPhone Developer";
				COPY_PHASE_STRIP = YES;
				GCC_C_LANGUAGE_STANDARD = gnu99;
				GCC_WARN_ABOUT_RETURN_TYPE = YES;
				GCC_WARN_UNINITIALIZED_AUTOS = YES;
				GCC_WARN_UNUSED_VARIABLE = YES;
				IPHONEOS_DEPLOYMENT_TARGET = 7.0;
				OTHER_CFLAGS = "-DNS_BLOCK_ASSERTIONS=1";
				SDKROOT = iphoneos;
				VALIDATE_PRODUCT = YES;
			};
			name = Release;
		};
		01FB868A169E2D8B00A0A1A8 /* Debug */ = {
			isa = XCBuildConfiguration;
			baseConfigurationReference = EDEB63F9F0F4C705C4A3CD65 /* Pods-WingifyMobileApp.debug.xcconfig */;
			buildSettings = {
				ASSETCATALOG_COMPILER_APPICON_NAME = AppIcon;
				ASSETCATALOG_COMPILER_LAUNCHIMAGE_NAME = "Brand Assets";
				CODE_SIGN_IDENTITY = "iPhone Developer";
				GCC_PRECOMPILE_PREFIX_HEADER = YES;
				GCC_PREFIX_HEADER = "Classes/WingifyMobileApp-Prefix.pch";
				INFOPLIST_FILE = "$(SRCROOT)/Classes/WingifyMobileApp-Info.plist";
				IPHONEOS_DEPLOYMENT_TARGET = 8.0;
				PRODUCT_BUNDLE_IDENTIFIER = com.wingify.abtestapp;
				PRODUCT_NAME = "$(TARGET_NAME)";
				PROVISIONING_PROFILE = "2488d820-60ba-41f7-8b34-56591fa5d842";
				TARGETED_DEVICE_FAMILY = 1;
				WRAPPER_EXTENSION = app;
			};
			name = Debug;
		};
		01FB868B169E2D8B00A0A1A8 /* Release */ = {
			isa = XCBuildConfiguration;
			baseConfigurationReference = 23130EAB8CE3F376CAD3747F /* Pods-WingifyMobileApp.release.xcconfig */;
			buildSettings = {
				ASSETCATALOG_COMPILER_APPICON_NAME = AppIcon;
				ASSETCATALOG_COMPILER_LAUNCHIMAGE_NAME = "Brand Assets";
				CODE_SIGN_IDENTITY = "iPhone Developer";
				GCC_PRECOMPILE_PREFIX_HEADER = YES;
				GCC_PREFIX_HEADER = "Classes/WingifyMobileApp-Prefix.pch";
				INFOPLIST_FILE = "$(SRCROOT)/Classes/WingifyMobileApp-Info.plist";
				IPHONEOS_DEPLOYMENT_TARGET = 8.0;
				PRODUCT_BUNDLE_IDENTIFIER = com.wingify.abtestapp;
				PRODUCT_NAME = "$(TARGET_NAME)";
				PROVISIONING_PROFILE = "2488d820-60ba-41f7-8b34-56591fa5d842";
				TARGETED_DEVICE_FAMILY = 1;
				WRAPPER_EXTENSION = app;
			};
			name = Release;
		};
/* End XCBuildConfiguration section */

/* Begin XCConfigurationList section */
		01FB865F169E2D8B00A0A1A8 /* Build configuration list for PBXProject "WingifyMobileApp" */ = {
			isa = XCConfigurationList;
			buildConfigurations = (
				01FB8687169E2D8B00A0A1A8 /* Debug */,
				01FB8688169E2D8B00A0A1A8 /* Release */,
			);
			defaultConfigurationIsVisible = 0;
			defaultConfigurationName = Release;
		};
		01FB8689169E2D8B00A0A1A8 /* Build configuration list for PBXNativeTarget "WingifyMobileApp" */ = {
			isa = XCConfigurationList;
			buildConfigurations = (
				01FB868A169E2D8B00A0A1A8 /* Debug */,
				01FB868B169E2D8B00A0A1A8 /* Release */,
			);
			defaultConfigurationIsVisible = 0;
			defaultConfigurationName = Release;
		};
/* End XCConfigurationList section */
	};
	rootObject = 01FB865C169E2D8B00A0A1A8 /* Project object */;
}
