// !$*UTF8*$!
{
	archiveVersion = 1;
	classes = {
	};
	objectVersion = 46;
	objects = {

/* Begin PBXBuildFile section */
		E31714C41F838BB10036CF07 /* VWODevice.m in Sources */ = {isa = PBXBuildFile; fileRef = E39815761F6291970035D519 /* VWODevice.m */; };
		E31714C71F838C2F0036CF07 /* VWOTests.swift in Sources */ = {isa = PBXBuildFile; fileRef = E31714C61F838C2F0036CF07 /* VWOTests.swift */; };
		E32C7A161FC58603009ABF2F /* VWOGoalTests.swift in Sources */ = {isa = PBXBuildFile; fileRef = E32C7A151FC58603009ABF2F /* VWOGoalTests.swift */; };
		E32C7A181FC5886A009ABF2F /* VWOVariationTests.swift in Sources */ = {isa = PBXBuildFile; fileRef = E32C7A171FC5886A009ABF2F /* VWOVariationTests.swift */; };
		E344B2F01F87906900A4EEE6 /* VWOConfig.h in Headers */ = {isa = PBXBuildFile; fileRef = E344B2EE1F87906900A4EEE6 /* VWOConfig.h */; };
		E344B2F11F87906900A4EEE6 /* VWOConfig.m in Sources */ = {isa = PBXBuildFile; fileRef = E344B2EF1F87906900A4EEE6 /* VWOConfig.m */; };
		E35484F51F713C2E00E14D2E /* NSURLSession+Synchronous.h in Headers */ = {isa = PBXBuildFile; fileRef = E35484F31F713C2E00E14D2E /* NSURLSession+Synchronous.h */; };
		E35484F61F713C2E00E14D2E /* NSURLSession+Synchronous.m in Sources */ = {isa = PBXBuildFile; fileRef = E35484F41F713C2E00E14D2E /* NSURLSession+Synchronous.m */; };
		E36AC7191F75614E0041ACDF /* VWO.m in Sources */ = {isa = PBXBuildFile; fileRef = E36AC7181F75614E0041ACDF /* VWO.m */; };
		E388B6CE1F8F7D350023E11E /* VWOURLQueue.h in Headers */ = {isa = PBXBuildFile; fileRef = E388B6CC1F8F7D350023E11E /* VWOURLQueue.h */; };
		E388B6CF1F8F7D350023E11E /* VWOURLQueue.m in Sources */ = {isa = PBXBuildFile; fileRef = E388B6CD1F8F7D350023E11E /* VWOURLQueue.m */; };
		E3924B3C1FC2C2D8006A9EB2 /* And1.json in Resources */ = {isa = PBXBuildFile; fileRef = E3924B3B1FC2C2D8006A9EB2 /* And1.json */; };
		E3924B3E1FC2D8B7006A9EB2 /* And2.json in Resources */ = {isa = PBXBuildFile; fileRef = E3924B3D1FC2D8B7006A9EB2 /* And2.json */; };
		E3924B401FC2DC24006A9EB2 /* Or1.json in Resources */ = {isa = PBXBuildFile; fileRef = E3924B3F1FC2DC24006A9EB2 /* Or1.json */; };
		E3924B421FC2DD15006A9EB2 /* Or2.json in Resources */ = {isa = PBXBuildFile; fileRef = E3924B411FC2DD15006A9EB2 /* Or2.json */; };
		E3924B441FC2E65E006A9EB2 /* Or3.json in Resources */ = {isa = PBXBuildFile; fileRef = E3924B431FC2E65E006A9EB2 /* Or3.json */; };
		E3924B461FC408AD006A9EB2 /* Complex1.json in Resources */ = {isa = PBXBuildFile; fileRef = E3924B451FC408AD006A9EB2 /* Complex1.json */; };
		E3924B481FC40B2F006A9EB2 /* Complex2.json in Resources */ = {isa = PBXBuildFile; fileRef = E3924B471FC40B2F006A9EB2 /* Complex2.json */; };
		E3924B4A1FC42C06006A9EB2 /* VWODictionaryTests.swift in Sources */ = {isa = PBXBuildFile; fileRef = E3924B491FC42C06006A9EB2 /* VWODictionaryTests.swift */; };
		E3924B4C1FC4520D006A9EB2 /* VWOQueueTests.swift in Sources */ = {isa = PBXBuildFile; fileRef = E3924B4B1FC4520D006A9EB2 /* VWOQueueTests.swift */; };
		E39814E01F6288C80035D519 /* VWO.framework in Frameworks */ = {isa = PBXBuildFile; fileRef = E39814D61F6288C80035D519 /* VWO.framework */; };
		E39814E71F6288C80035D519 /* VWO.h in Headers */ = {isa = PBXBuildFile; fileRef = E39814D91F6288C80035D519 /* VWO.h */; settings = {ATTRIBUTES = (Public, ); }; };
		E39814F51F628CAA0035D519 /* VWO.podspec in Resources */ = {isa = PBXBuildFile; fileRef = E39814F41F628CAA0035D519 /* VWO.podspec */; };
		E39815571F6291680035D519 /* VWOCampaign.h in Headers */ = {isa = PBXBuildFile; fileRef = E39815431F6291680035D519 /* VWOCampaign.h */; };
		E39815581F6291680035D519 /* VWOCampaign.m in Sources */ = {isa = PBXBuildFile; fileRef = E39815441F6291680035D519 /* VWOCampaign.m */; };
		E39815591F6291680035D519 /* VWOGoal.h in Headers */ = {isa = PBXBuildFile; fileRef = E39815451F6291680035D519 /* VWOGoal.h */; };
		E398155A1F6291680035D519 /* VWOGoal.m in Sources */ = {isa = PBXBuildFile; fileRef = E39815461F6291680035D519 /* VWOGoal.m */; };
		E398155B1F6291680035D519 /* VWOQueue.h in Headers */ = {isa = PBXBuildFile; fileRef = E39815471F6291680035D519 /* VWOQueue.h */; };
		E398155C1F6291680035D519 /* VWOQueue.m in Sources */ = {isa = PBXBuildFile; fileRef = E39815481F6291680035D519 /* VWOQueue.m */; };
		E398155F1F6291680035D519 /* VWOVariation.h in Headers */ = {isa = PBXBuildFile; fileRef = E398154B1F6291680035D519 /* VWOVariation.h */; };
		E39815601F6291680035D519 /* VWOVariation.m in Sources */ = {isa = PBXBuildFile; fileRef = E398154C1F6291680035D519 /* VWOVariation.m */; };
		E39815611F6291680035D519 /* VWORavenClient.h in Headers */ = {isa = PBXBuildFile; fileRef = E398154E1F6291680035D519 /* VWORavenClient.h */; };
		E39815621F6291680035D519 /* VWORavenClient.m in Sources */ = {isa = PBXBuildFile; fileRef = E398154F1F6291680035D519 /* VWORavenClient.m */; };
		E39815631F6291680035D519 /* VWORavenClient_Private.h in Headers */ = {isa = PBXBuildFile; fileRef = E39815501F6291680035D519 /* VWORavenClient_Private.h */; };
		E39815641F6291680035D519 /* VWORavenConfig.h in Headers */ = {isa = PBXBuildFile; fileRef = E39815511F6291680035D519 /* VWORavenConfig.h */; };
		E39815651F6291680035D519 /* VWORavenConfig.m in Sources */ = {isa = PBXBuildFile; fileRef = E39815521F6291680035D519 /* VWORavenConfig.m */; };
		E39815661F6291680035D519 /* socket.io.js.h in Headers */ = {isa = PBXBuildFile; fileRef = E39815541F6291680035D519 /* socket.io.js.h */; };
		E39815671F6291680035D519 /* VWOSIOSocket.h in Headers */ = {isa = PBXBuildFile; fileRef = E39815551F6291680035D519 /* VWOSIOSocket.h */; };
		E39815681F6291680035D519 /* VWOSIOSocket.m in Sources */ = {isa = PBXBuildFile; fileRef = E39815561F6291680035D519 /* VWOSIOSocket.m */; };
		E398157F1F6291970035D519 /* VWOController.h in Headers */ = {isa = PBXBuildFile; fileRef = E39815731F6291960035D519 /* VWOController.h */; };
		E39815801F6291970035D519 /* VWOController.m in Sources */ = {isa = PBXBuildFile; fileRef = E39815741F6291960035D519 /* VWOController.m */; };
		E39815811F6291970035D519 /* VWODevice.h in Headers */ = {isa = PBXBuildFile; fileRef = E39815751F6291970035D519 /* VWODevice.h */; };
		E39815821F6291970035D519 /* VWODevice.m in Sources */ = {isa = PBXBuildFile; fileRef = E39815761F6291970035D519 /* VWODevice.m */; };
		E39815831F6291970035D519 /* VWOFile.h in Headers */ = {isa = PBXBuildFile; fileRef = E39815771F6291970035D519 /* VWOFile.h */; };
		E39815841F6291970035D519 /* VWOFile.m in Sources */ = {isa = PBXBuildFile; fileRef = E39815781F6291970035D519 /* VWOFile.m */; };
		E39815851F6291970035D519 /* VWOLogger.h in Headers */ = {isa = PBXBuildFile; fileRef = E39815791F6291970035D519 /* VWOLogger.h */; };
		E39815861F6291970035D519 /* VWOLogger.m in Sources */ = {isa = PBXBuildFile; fileRef = E398157A1F6291970035D519 /* VWOLogger.m */; };
		E398158F1F6291B50035D519 /* VWOSocketClient.h in Headers */ = {isa = PBXBuildFile; fileRef = E398158B1F6291B50035D519 /* VWOSocketClient.h */; };
		E39815901F6291B50035D519 /* VWOSocketClient.m in Sources */ = {isa = PBXBuildFile; fileRef = E398158C1F6291B50035D519 /* VWOSocketClient.m */; };
		E39815931F6291C10035D519 /* VWOSegmentEvaluator.h in Headers */ = {isa = PBXBuildFile; fileRef = E39815911F6291C10035D519 /* VWOSegmentEvaluator.h */; };
		E39815941F6291C10035D519 /* VWOSegmentEvaluator.m in Sources */ = {isa = PBXBuildFile; fileRef = E39815921F6291C10035D519 /* VWOSegmentEvaluator.m */; };
		E398159C1F6293BC0035D519 /* NSDictionary+VWO.h in Headers */ = {isa = PBXBuildFile; fileRef = E39815981F6293BC0035D519 /* NSDictionary+VWO.h */; };
		E398159D1F6293BC0035D519 /* NSDictionary+VWO.m in Sources */ = {isa = PBXBuildFile; fileRef = E39815991F6293BC0035D519 /* NSDictionary+VWO.m */; };
		E3D29F941FBD8B1300A11C61 /* VWOSegmentEvaluatorTests.swift in Sources */ = {isa = PBXBuildFile; fileRef = E3D29F931FBD8B1300A11C61 /* VWOSegmentEvaluatorTests.swift */; };
		E3D29F961FBD91B700A11C61 /* Extra.swift in Sources */ = {isa = PBXBuildFile; fileRef = E3D29F951FBD91B700A11C61 /* Extra.swift */; };
		E3D29F981FBD928700A11C61 /* PredefinediPhone.json in Resources */ = {isa = PBXBuildFile; fileRef = E3D29F971FBD928700A11C61 /* PredefinediPhone.json */; };
		E3D29F9A1FBDA29100A11C61 /* PredefinediPad.json in Resources */ = {isa = PBXBuildFile; fileRef = E3D29F991FBDA29100A11C61 /* PredefinediPad.json */; };
		E3D29F9E1FBDA49B00A11C61 /* PredefinedNewUser.json in Resources */ = {isa = PBXBuildFile; fileRef = E3D29F9D1FBDA49B00A11C61 /* PredefinedNewUser.json */; };
		E3D29FA01FBDA4C100A11C61 /* PredefinedReturningUser.json in Resources */ = {isa = PBXBuildFile; fileRef = E3D29F9F1FBDA4C100A11C61 /* PredefinedReturningUser.json */; };
		E3D29FA31FBDAC3E00A11C61 /* CustomVariable.json in Resources */ = {isa = PBXBuildFile; fileRef = E3D29FA21FBDAC3E00A11C61 /* CustomVariable.json */; };
		E3D29FA71FBDAE8A00A11C61 /* AppVersionRegex.json in Resources */ = {isa = PBXBuildFile; fileRef = E3D29FA61FBDAE8A00A11C61 /* AppVersionRegex.json */; };
		E3D29FAB1FBDAED400A11C61 /* AppVersionContains.json in Resources */ = {isa = PBXBuildFile; fileRef = E3D29FAA1FBDAED400A11C61 /* AppVersionContains.json */; };
		E3D29FAF1FBDAF1700A11C61 /* AppVersionEqualTo.json in Resources */ = {isa = PBXBuildFile; fileRef = E3D29FAE1FBDAF1700A11C61 /* AppVersionEqualTo.json */; };
		E3D29FB51FBDAF7400A11C61 /* AppVersionNotEqualTo.json in Resources */ = {isa = PBXBuildFile; fileRef = E3D29FB41FBDAF7400A11C61 /* AppVersionNotEqualTo.json */; };
		E3D29FB71FBDAF8C00A11C61 /* AppVersionStartsWith.json in Resources */ = {isa = PBXBuildFile; fileRef = E3D29FB61FBDAF8C00A11C61 /* AppVersionStartsWith.json */; };
		E3D29FB91FBECA6700A11C61 /* iOSVersionEqualTo.json in Resources */ = {isa = PBXBuildFile; fileRef = E3D29FB81FBECA6700A11C61 /* iOSVersionEqualTo.json */; };
		E3D29FBB1FBECA8800A11C61 /* iOSVersionNotEqualTo.json in Resources */ = {isa = PBXBuildFile; fileRef = E3D29FBA1FBECA8800A11C61 /* iOSVersionNotEqualTo.json */; };
		E3D29FBD1FBECA9E00A11C61 /* iOSVersionGreaterThan.json in Resources */ = {isa = PBXBuildFile; fileRef = E3D29FBC1FBECA9E00A11C61 /* iOSVersionGreaterThan.json */; };
		E3D29FBF1FBECAAB00A11C61 /* iOSVersionLessThan.json in Resources */ = {isa = PBXBuildFile; fileRef = E3D29FBE1FBECAAB00A11C61 /* iOSVersionLessThan.json */; };
		E3D29FC11FBED57000A11C61 /* DayOfWeekSingle.json in Resources */ = {isa = PBXBuildFile; fileRef = E3D29FC01FBED57000A11C61 /* DayOfWeekSingle.json */; };
		E3D29FC31FBED59B00A11C61 /* DayOfWeekMultiple.json in Resources */ = {isa = PBXBuildFile; fileRef = E3D29FC21FBED59B00A11C61 /* DayOfWeekMultiple.json */; };
		E3D29FC61FBEDAB300A11C61 /* NSDate+VWO.h in Headers */ = {isa = PBXBuildFile; fileRef = E3D29FC41FBEDAB300A11C61 /* NSDate+VWO.h */; };
		E3D29FC71FBEDAB300A11C61 /* NSDate+VWO.m in Sources */ = {isa = PBXBuildFile; fileRef = E3D29FC51FBEDAB300A11C61 /* NSDate+VWO.m */; };
		E3D29FCA1FBEDE2A00A11C61 /* NSString+VWO.h in Headers */ = {isa = PBXBuildFile; fileRef = E3D29FC81FBEDE2A00A11C61 /* NSString+VWO.h */; };
		E3D29FCB1FBEDE2A00A11C61 /* NSString+VWO.m in Sources */ = {isa = PBXBuildFile; fileRef = E3D29FC91FBEDE2A00A11C61 /* NSString+VWO.m */; };
		E3D29FCD1FBEE69400A11C61 /* DayOfWeekMultipleNotEqualTo.json in Resources */ = {isa = PBXBuildFile; fileRef = E3D29FCC1FBEE69400A11C61 /* DayOfWeekMultipleNotEqualTo.json */; };
		E3D29FCF1FBEE6BD00A11C61 /* DayOfWeekSingleNotEqual.json in Resources */ = {isa = PBXBuildFile; fileRef = E3D29FCE1FBEE6BD00A11C61 /* DayOfWeekSingleNotEqual.json */; };
		E3D29FD11FBEEC6A00A11C61 /* HourOfTheDay.json in Resources */ = {isa = PBXBuildFile; fileRef = E3D29FD01FBEEC6A00A11C61 /* HourOfTheDay.json */; };
		E3D29FD31FBEEC7900A11C61 /* HourOfTheDayNotEqual.json in Resources */ = {isa = PBXBuildFile; fileRef = E3D29FD21FBEEC7900A11C61 /* HourOfTheDayNotEqual.json */; };
		E3D29FD51FBEEC8100A11C61 /* HourOfTheDayMultiple.json in Resources */ = {isa = PBXBuildFile; fileRef = E3D29FD41FBEEC8100A11C61 /* HourOfTheDayMultiple.json */; };
		E3D29FD71FBEEC8B00A11C61 /* HourOfTheDayMultipleNotEqual.json in Resources */ = {isa = PBXBuildFile; fileRef = E3D29FD61FBEEC8B00A11C61 /* HourOfTheDayMultipleNotEqual.json */; };
		E3D5F7FD1F6BD86C0011C43C /* VWOURL.h in Headers */ = {isa = PBXBuildFile; fileRef = E3D5F7FB1F6BD86C0011C43C /* VWOURL.h */; };
		E3D5F7FE1F6BD86C0011C43C /* VWOURL.m in Sources */ = {isa = PBXBuildFile; fileRef = E3D5F7FC1F6BD86C0011C43C /* VWOURL.m */; };
		E3F7CBA82004A07800CC8C03 /* VWOInfixEvaluator.h in Headers */ = {isa = PBXBuildFile; fileRef = E3F7CBA62004A07800CC8C03 /* VWOInfixEvaluator.h */; };
		E3F7CBA92004A07800CC8C03 /* VWOInfixEvaluator.m in Sources */ = {isa = PBXBuildFile; fileRef = E3F7CBA72004A07800CC8C03 /* VWOInfixEvaluator.m */; };
		E3F7CBAC2004A9B100CC8C03 /* VWOStack.h in Headers */ = {isa = PBXBuildFile; fileRef = E3F7CBAA2004A9B100CC8C03 /* VWOStack.h */; };
		E3F7CBAD2004A9B100CC8C03 /* VWOStack.m in Sources */ = {isa = PBXBuildFile; fileRef = E3F7CBAB2004A9B100CC8C03 /* VWOStack.m */; };
		E3F7CBAF2004B72E00CC8C03 /* VWOStackTests.swift in Sources */ = {isa = PBXBuildFile; fileRef = E3F7CBAE2004B72E00CC8C03 /* VWOStackTests.swift */; };
		E3F7CBB12004BF4700CC8C03 /* VWOInfixEvaluatorTests.swift in Sources */ = {isa = PBXBuildFile; fileRef = E3F7CBB02004BF4700CC8C03 /* VWOInfixEvaluatorTests.swift */; };
		E3F7CBB42004C91400CC8C03 /* VWOSegment.h in Headers */ = {isa = PBXBuildFile; fileRef = E3F7CBB22004C91400CC8C03 /* VWOSegment.h */; };
		E3F7CBB52004C91400CC8C03 /* VWOSegment.m in Sources */ = {isa = PBXBuildFile; fileRef = E3F7CBB32004C91400CC8C03 /* VWOSegment.m */; };
/* End PBXBuildFile section */

/* Begin PBXContainerItemProxy section */
		E39814E11F6288C80035D519 /* PBXContainerItemProxy */ = {
			isa = PBXContainerItemProxy;
			containerPortal = E39814CD1F6288C80035D519 /* Project object */;
			proxyType = 1;
			remoteGlobalIDString = E39814D51F6288C80035D519;
			remoteInfo = VWO;
		};
/* End PBXContainerItemProxy section */

/* Begin PBXFileReference section */
		E31714C51F838C2F0036CF07 /* VWOTests-Bridging-Header.h */ = {isa = PBXFileReference; lastKnownFileType = sourcecode.c.h; path = "VWOTests-Bridging-Header.h"; sourceTree = "<group>"; };
		E31714C61F838C2F0036CF07 /* VWOTests.swift */ = {isa = PBXFileReference; lastKnownFileType = sourcecode.swift; path = VWOTests.swift; sourceTree = "<group>"; };
		E319151E1F67F1B900FC1695 /* README.md */ = {isa = PBXFileReference; lastKnownFileType = net.daringfireball.markdown; path = README.md; sourceTree = SOURCE_ROOT; };
		E31915231F6802D500FC1695 /* LICENSE */ = {isa = PBXFileReference; lastKnownFileType = text; path = LICENSE; sourceTree = SOURCE_ROOT; };
		E32C7A151FC58603009ABF2F /* VWOGoalTests.swift */ = {isa = PBXFileReference; lastKnownFileType = sourcecode.swift; path = VWOGoalTests.swift; sourceTree = "<group>"; };
		E32C7A171FC5886A009ABF2F /* VWOVariationTests.swift */ = {isa = PBXFileReference; lastKnownFileType = sourcecode.swift; path = VWOVariationTests.swift; sourceTree = "<group>"; };
		E344B2EE1F87906900A4EEE6 /* VWOConfig.h */ = {isa = PBXFileReference; lastKnownFileType = sourcecode.c.h; path = VWOConfig.h; sourceTree = "<group>"; };
		E344B2EF1F87906900A4EEE6 /* VWOConfig.m */ = {isa = PBXFileReference; lastKnownFileType = sourcecode.c.objc; path = VWOConfig.m; sourceTree = "<group>"; };
		E35484F31F713C2E00E14D2E /* NSURLSession+Synchronous.h */ = {isa = PBXFileReference; fileEncoding = 4; lastKnownFileType = sourcecode.c.h; path = "NSURLSession+Synchronous.h"; sourceTree = "<group>"; };
		E35484F41F713C2E00E14D2E /* NSURLSession+Synchronous.m */ = {isa = PBXFileReference; fileEncoding = 4; lastKnownFileType = sourcecode.c.objc; path = "NSURLSession+Synchronous.m"; sourceTree = "<group>"; };
		E36AC7181F75614E0041ACDF /* VWO.m */ = {isa = PBXFileReference; lastKnownFileType = sourcecode.c.objc; path = VWO.m; sourceTree = "<group>"; };
		E388B6CC1F8F7D350023E11E /* VWOURLQueue.h */ = {isa = PBXFileReference; lastKnownFileType = sourcecode.c.h; path = VWOURLQueue.h; sourceTree = "<group>"; };
		E388B6CD1F8F7D350023E11E /* VWOURLQueue.m */ = {isa = PBXFileReference; lastKnownFileType = sourcecode.c.objc; path = VWOURLQueue.m; sourceTree = "<group>"; };
		E3924B3B1FC2C2D8006A9EB2 /* And1.json */ = {isa = PBXFileReference; lastKnownFileType = text.json; path = And1.json; sourceTree = "<group>"; };
		E3924B3D1FC2D8B7006A9EB2 /* And2.json */ = {isa = PBXFileReference; lastKnownFileType = text.json; path = And2.json; sourceTree = "<group>"; };
		E3924B3F1FC2DC24006A9EB2 /* Or1.json */ = {isa = PBXFileReference; lastKnownFileType = text.json; path = Or1.json; sourceTree = "<group>"; };
		E3924B411FC2DD15006A9EB2 /* Or2.json */ = {isa = PBXFileReference; lastKnownFileType = text.json; path = Or2.json; sourceTree = "<group>"; };
		E3924B431FC2E65E006A9EB2 /* Or3.json */ = {isa = PBXFileReference; lastKnownFileType = text.json; path = Or3.json; sourceTree = "<group>"; };
		E3924B451FC408AD006A9EB2 /* Complex1.json */ = {isa = PBXFileReference; lastKnownFileType = text.json; path = Complex1.json; sourceTree = "<group>"; };
		E3924B471FC40B2F006A9EB2 /* Complex2.json */ = {isa = PBXFileReference; lastKnownFileType = text.json; path = Complex2.json; sourceTree = "<group>"; };
		E3924B491FC42C06006A9EB2 /* VWODictionaryTests.swift */ = {isa = PBXFileReference; lastKnownFileType = sourcecode.swift; path = VWODictionaryTests.swift; sourceTree = "<group>"; };
		E3924B4B1FC4520D006A9EB2 /* VWOQueueTests.swift */ = {isa = PBXFileReference; lastKnownFileType = sourcecode.swift; path = VWOQueueTests.swift; sourceTree = "<group>"; };
		E39814D61F6288C80035D519 /* VWO.framework */ = {isa = PBXFileReference; explicitFileType = wrapper.framework; includeInIndex = 0; path = VWO.framework; sourceTree = BUILT_PRODUCTS_DIR; };
		E39814D91F6288C80035D519 /* VWO.h */ = {isa = PBXFileReference; lastKnownFileType = sourcecode.c.h; path = VWO.h; sourceTree = "<group>"; };
		E39814DA1F6288C80035D519 /* Info.plist */ = {isa = PBXFileReference; lastKnownFileType = text.plist.xml; path = Info.plist; sourceTree = "<group>"; };
		E39814DF1F6288C80035D519 /* VWOTests.xctest */ = {isa = PBXFileReference; explicitFileType = wrapper.cfbundle; includeInIndex = 0; path = VWOTests.xctest; sourceTree = BUILT_PRODUCTS_DIR; };
		E39814E61F6288C80035D519 /* Info.plist */ = {isa = PBXFileReference; lastKnownFileType = text.plist.xml; path = Info.plist; sourceTree = "<group>"; };
		E39814F41F628CAA0035D519 /* VWO.podspec */ = {isa = PBXFileReference; fileEncoding = 4; lastKnownFileType = text; path = VWO.podspec; sourceTree = SOURCE_ROOT; };
		E39815431F6291680035D519 /* VWOCampaign.h */ = {isa = PBXFileReference; fileEncoding = 4; lastKnownFileType = sourcecode.c.h; path = VWOCampaign.h; sourceTree = "<group>"; };
		E39815441F6291680035D519 /* VWOCampaign.m */ = {isa = PBXFileReference; fileEncoding = 4; lastKnownFileType = sourcecode.c.objc; path = VWOCampaign.m; sourceTree = "<group>"; };
		E39815451F6291680035D519 /* VWOGoal.h */ = {isa = PBXFileReference; fileEncoding = 4; lastKnownFileType = sourcecode.c.h; lineEnding = 0; path = VWOGoal.h; sourceTree = "<group>"; };
		E39815461F6291680035D519 /* VWOGoal.m */ = {isa = PBXFileReference; fileEncoding = 4; lastKnownFileType = sourcecode.c.objc; lineEnding = 0; path = VWOGoal.m; sourceTree = "<group>"; };
		E39815471F6291680035D519 /* VWOQueue.h */ = {isa = PBXFileReference; fileEncoding = 4; lastKnownFileType = sourcecode.c.h; lineEnding = 0; path = VWOQueue.h; sourceTree = "<group>"; };
		E39815481F6291680035D519 /* VWOQueue.m */ = {isa = PBXFileReference; fileEncoding = 4; lastKnownFileType = sourcecode.c.objc; lineEnding = 0; path = VWOQueue.m; sourceTree = "<group>"; };
		E398154B1F6291680035D519 /* VWOVariation.h */ = {isa = PBXFileReference; fileEncoding = 4; lastKnownFileType = sourcecode.c.h; lineEnding = 0; path = VWOVariation.h; sourceTree = "<group>"; };
		E398154C1F6291680035D519 /* VWOVariation.m */ = {isa = PBXFileReference; fileEncoding = 4; lastKnownFileType = sourcecode.c.objc; path = VWOVariation.m; sourceTree = "<group>"; };
		E398154E1F6291680035D519 /* VWORavenClient.h */ = {isa = PBXFileReference; fileEncoding = 4; lastKnownFileType = sourcecode.c.h; path = VWORavenClient.h; sourceTree = "<group>"; };
		E398154F1F6291680035D519 /* VWORavenClient.m */ = {isa = PBXFileReference; fileEncoding = 4; lastKnownFileType = sourcecode.c.objc; path = VWORavenClient.m; sourceTree = "<group>"; };
		E39815501F6291680035D519 /* VWORavenClient_Private.h */ = {isa = PBXFileReference; fileEncoding = 4; lastKnownFileType = sourcecode.c.h; path = VWORavenClient_Private.h; sourceTree = "<group>"; };
		E39815511F6291680035D519 /* VWORavenConfig.h */ = {isa = PBXFileReference; fileEncoding = 4; lastKnownFileType = sourcecode.c.h; path = VWORavenConfig.h; sourceTree = "<group>"; };
		E39815521F6291680035D519 /* VWORavenConfig.m */ = {isa = PBXFileReference; fileEncoding = 4; lastKnownFileType = sourcecode.c.objc; path = VWORavenConfig.m; sourceTree = "<group>"; };
		E39815541F6291680035D519 /* socket.io.js.h */ = {isa = PBXFileReference; fileEncoding = 4; lastKnownFileType = sourcecode.c.h; lineEnding = 0; path = socket.io.js.h; sourceTree = "<group>"; xcLanguageSpecificationIdentifier = xcode.lang.objcpp; };
		E39815551F6291680035D519 /* VWOSIOSocket.h */ = {isa = PBXFileReference; fileEncoding = 4; lastKnownFileType = sourcecode.c.h; path = VWOSIOSocket.h; sourceTree = "<group>"; };
		E39815561F6291680035D519 /* VWOSIOSocket.m */ = {isa = PBXFileReference; fileEncoding = 4; lastKnownFileType = sourcecode.c.objc; path = VWOSIOSocket.m; sourceTree = "<group>"; };
		E39815731F6291960035D519 /* VWOController.h */ = {isa = PBXFileReference; fileEncoding = 4; lastKnownFileType = sourcecode.c.h; path = VWOController.h; sourceTree = "<group>"; };
		E39815741F6291960035D519 /* VWOController.m */ = {isa = PBXFileReference; fileEncoding = 4; lastKnownFileType = sourcecode.c.objc; path = VWOController.m; sourceTree = "<group>"; };
		E39815751F6291970035D519 /* VWODevice.h */ = {isa = PBXFileReference; fileEncoding = 4; lastKnownFileType = sourcecode.c.h; lineEnding = 0; name = VWODevice.h; path = Helpers/VWODevice.h; sourceTree = "<group>"; };
		E39815761F6291970035D519 /* VWODevice.m */ = {isa = PBXFileReference; fileEncoding = 4; lastKnownFileType = sourcecode.c.objc; lineEnding = 0; name = VWODevice.m; path = Helpers/VWODevice.m; sourceTree = "<group>"; };
		E39815771F6291970035D519 /* VWOFile.h */ = {isa = PBXFileReference; fileEncoding = 4; lastKnownFileType = sourcecode.c.h; lineEnding = 0; name = VWOFile.h; path = Helpers/VWOFile.h; sourceTree = "<group>"; };
		E39815781F6291970035D519 /* VWOFile.m */ = {isa = PBXFileReference; fileEncoding = 4; lastKnownFileType = sourcecode.c.objc; lineEnding = 0; name = VWOFile.m; path = Helpers/VWOFile.m; sourceTree = "<group>"; };
		E39815791F6291970035D519 /* VWOLogger.h */ = {isa = PBXFileReference; fileEncoding = 4; lastKnownFileType = sourcecode.c.h; lineEnding = 0; name = VWOLogger.h; path = Helpers/VWOLogger.h; sourceTree = "<group>"; };
		E398157A1F6291970035D519 /* VWOLogger.m */ = {isa = PBXFileReference; fileEncoding = 4; lastKnownFileType = sourcecode.c.objc; lineEnding = 0; name = VWOLogger.m; path = Helpers/VWOLogger.m; sourceTree = "<group>"; };
		E398158B1F6291B50035D519 /* VWOSocketClient.h */ = {isa = PBXFileReference; fileEncoding = 4; lastKnownFileType = sourcecode.c.h; path = VWOSocketClient.h; sourceTree = "<group>"; };
		E398158C1F6291B50035D519 /* VWOSocketClient.m */ = {isa = PBXFileReference; fileEncoding = 4; lastKnownFileType = sourcecode.c.objc; path = VWOSocketClient.m; sourceTree = "<group>"; };
		E39815911F6291C10035D519 /* VWOSegmentEvaluator.h */ = {isa = PBXFileReference; fileEncoding = 4; lastKnownFileType = sourcecode.c.h; path = VWOSegmentEvaluator.h; sourceTree = "<group>"; };
		E39815921F6291C10035D519 /* VWOSegmentEvaluator.m */ = {isa = PBXFileReference; fileEncoding = 4; lastKnownFileType = sourcecode.c.objc; path = VWOSegmentEvaluator.m; sourceTree = "<group>"; };
		E39815981F6293BC0035D519 /* NSDictionary+VWO.h */ = {isa = PBXFileReference; fileEncoding = 4; lastKnownFileType = sourcecode.c.h; path = "NSDictionary+VWO.h"; sourceTree = "<group>"; };
		E39815991F6293BC0035D519 /* NSDictionary+VWO.m */ = {isa = PBXFileReference; fileEncoding = 4; lastKnownFileType = sourcecode.c.objc; path = "NSDictionary+VWO.m"; sourceTree = "<group>"; };
		E3D29F931FBD8B1300A11C61 /* VWOSegmentEvaluatorTests.swift */ = {isa = PBXFileReference; lastKnownFileType = sourcecode.swift; path = VWOSegmentEvaluatorTests.swift; sourceTree = "<group>"; };
		E3D29F951FBD91B700A11C61 /* Extra.swift */ = {isa = PBXFileReference; lastKnownFileType = sourcecode.swift; path = Extra.swift; sourceTree = "<group>"; };
		E3D29F971FBD928700A11C61 /* PredefinediPhone.json */ = {isa = PBXFileReference; lastKnownFileType = text.json; path = PredefinediPhone.json; sourceTree = "<group>"; };
		E3D29F991FBDA29100A11C61 /* PredefinediPad.json */ = {isa = PBXFileReference; lastKnownFileType = text.json; path = PredefinediPad.json; sourceTree = "<group>"; };
		E3D29F9D1FBDA49B00A11C61 /* PredefinedNewUser.json */ = {isa = PBXFileReference; lastKnownFileType = text.json; path = PredefinedNewUser.json; sourceTree = "<group>"; };
		E3D29F9F1FBDA4C100A11C61 /* PredefinedReturningUser.json */ = {isa = PBXFileReference; lastKnownFileType = text.json; path = PredefinedReturningUser.json; sourceTree = "<group>"; };
		E3D29FA21FBDAC3E00A11C61 /* CustomVariable.json */ = {isa = PBXFileReference; lastKnownFileType = text.json; path = CustomVariable.json; sourceTree = "<group>"; };
		E3D29FA61FBDAE8A00A11C61 /* AppVersionRegex.json */ = {isa = PBXFileReference; lastKnownFileType = text.json; path = AppVersionRegex.json; sourceTree = "<group>"; };
		E3D29FAA1FBDAED400A11C61 /* AppVersionContains.json */ = {isa = PBXFileReference; lastKnownFileType = text.json; path = AppVersionContains.json; sourceTree = "<group>"; };
		E3D29FAE1FBDAF1700A11C61 /* AppVersionEqualTo.json */ = {isa = PBXFileReference; lastKnownFileType = text.json; path = AppVersionEqualTo.json; sourceTree = "<group>"; };
		E3D29FB41FBDAF7400A11C61 /* AppVersionNotEqualTo.json */ = {isa = PBXFileReference; lastKnownFileType = text.json; path = AppVersionNotEqualTo.json; sourceTree = "<group>"; };
		E3D29FB61FBDAF8C00A11C61 /* AppVersionStartsWith.json */ = {isa = PBXFileReference; lastKnownFileType = text.json; path = AppVersionStartsWith.json; sourceTree = "<group>"; };
		E3D29FB81FBECA6700A11C61 /* iOSVersionEqualTo.json */ = {isa = PBXFileReference; lastKnownFileType = text.json; path = iOSVersionEqualTo.json; sourceTree = "<group>"; };
		E3D29FBA1FBECA8800A11C61 /* iOSVersionNotEqualTo.json */ = {isa = PBXFileReference; lastKnownFileType = text.json; path = iOSVersionNotEqualTo.json; sourceTree = "<group>"; };
		E3D29FBC1FBECA9E00A11C61 /* iOSVersionGreaterThan.json */ = {isa = PBXFileReference; lastKnownFileType = text.json; path = iOSVersionGreaterThan.json; sourceTree = "<group>"; };
		E3D29FBE1FBECAAB00A11C61 /* iOSVersionLessThan.json */ = {isa = PBXFileReference; lastKnownFileType = text.json; path = iOSVersionLessThan.json; sourceTree = "<group>"; };
		E3D29FC01FBED57000A11C61 /* DayOfWeekSingle.json */ = {isa = PBXFileReference; lastKnownFileType = text.json; path = DayOfWeekSingle.json; sourceTree = "<group>"; };
		E3D29FC21FBED59B00A11C61 /* DayOfWeekMultiple.json */ = {isa = PBXFileReference; lastKnownFileType = text.json; path = DayOfWeekMultiple.json; sourceTree = "<group>"; };
		E3D29FC41FBEDAB300A11C61 /* NSDate+VWO.h */ = {isa = PBXFileReference; lastKnownFileType = sourcecode.c.h; path = "NSDate+VWO.h"; sourceTree = "<group>"; };
		E3D29FC51FBEDAB300A11C61 /* NSDate+VWO.m */ = {isa = PBXFileReference; lastKnownFileType = sourcecode.c.objc; path = "NSDate+VWO.m"; sourceTree = "<group>"; };
		E3D29FC81FBEDE2A00A11C61 /* NSString+VWO.h */ = {isa = PBXFileReference; lastKnownFileType = sourcecode.c.h; path = "NSString+VWO.h"; sourceTree = "<group>"; };
		E3D29FC91FBEDE2A00A11C61 /* NSString+VWO.m */ = {isa = PBXFileReference; lastKnownFileType = sourcecode.c.objc; path = "NSString+VWO.m"; sourceTree = "<group>"; };
		E3D29FCC1FBEE69400A11C61 /* DayOfWeekMultipleNotEqualTo.json */ = {isa = PBXFileReference; lastKnownFileType = text.json; path = DayOfWeekMultipleNotEqualTo.json; sourceTree = "<group>"; };
		E3D29FCE1FBEE6BD00A11C61 /* DayOfWeekSingleNotEqual.json */ = {isa = PBXFileReference; lastKnownFileType = text.json; path = DayOfWeekSingleNotEqual.json; sourceTree = "<group>"; };
		E3D29FD01FBEEC6A00A11C61 /* HourOfTheDay.json */ = {isa = PBXFileReference; lastKnownFileType = text.json; path = HourOfTheDay.json; sourceTree = "<group>"; };
		E3D29FD21FBEEC7900A11C61 /* HourOfTheDayNotEqual.json */ = {isa = PBXFileReference; lastKnownFileType = text.json; path = HourOfTheDayNotEqual.json; sourceTree = "<group>"; };
		E3D29FD41FBEEC8100A11C61 /* HourOfTheDayMultiple.json */ = {isa = PBXFileReference; lastKnownFileType = text.json; path = HourOfTheDayMultiple.json; sourceTree = "<group>"; };
		E3D29FD61FBEEC8B00A11C61 /* HourOfTheDayMultipleNotEqual.json */ = {isa = PBXFileReference; lastKnownFileType = text.json; path = HourOfTheDayMultipleNotEqual.json; sourceTree = "<group>"; };
		E3D5F7FB1F6BD86C0011C43C /* VWOURL.h */ = {isa = PBXFileReference; fileEncoding = 4; lastKnownFileType = sourcecode.c.h; path = VWOURL.h; sourceTree = "<group>"; };
		E3D5F7FC1F6BD86C0011C43C /* VWOURL.m */ = {isa = PBXFileReference; fileEncoding = 4; lastKnownFileType = sourcecode.c.objc; path = VWOURL.m; sourceTree = "<group>"; };
		E3F7CBA62004A07800CC8C03 /* VWOInfixEvaluator.h */ = {isa = PBXFileReference; lastKnownFileType = sourcecode.c.h; path = VWOInfixEvaluator.h; sourceTree = "<group>"; };
		E3F7CBA72004A07800CC8C03 /* VWOInfixEvaluator.m */ = {isa = PBXFileReference; lastKnownFileType = sourcecode.c.objc; path = VWOInfixEvaluator.m; sourceTree = "<group>"; };
		E3F7CBAA2004A9B100CC8C03 /* VWOStack.h */ = {isa = PBXFileReference; lastKnownFileType = sourcecode.c.h; path = VWOStack.h; sourceTree = "<group>"; };
		E3F7CBAB2004A9B100CC8C03 /* VWOStack.m */ = {isa = PBXFileReference; lastKnownFileType = sourcecode.c.objc; path = VWOStack.m; sourceTree = "<group>"; };
		E3F7CBAE2004B72E00CC8C03 /* VWOStackTests.swift */ = {isa = PBXFileReference; lastKnownFileType = sourcecode.swift; path = VWOStackTests.swift; sourceTree = "<group>"; };
		E3F7CBB02004BF4700CC8C03 /* VWOInfixEvaluatorTests.swift */ = {isa = PBXFileReference; lastKnownFileType = sourcecode.swift; path = VWOInfixEvaluatorTests.swift; sourceTree = "<group>"; };
		E3F7CBB22004C91400CC8C03 /* VWOSegment.h */ = {isa = PBXFileReference; lastKnownFileType = sourcecode.c.h; path = VWOSegment.h; sourceTree = "<group>"; };
		E3F7CBB32004C91400CC8C03 /* VWOSegment.m */ = {isa = PBXFileReference; lastKnownFileType = sourcecode.c.objc; path = VWOSegment.m; sourceTree = "<group>"; };
/* End PBXFileReference section */

/* Begin PBXFrameworksBuildPhase section */
		E39814D21F6288C80035D519 /* Frameworks */ = {
			isa = PBXFrameworksBuildPhase;
			buildActionMask = 2147483647;
			files = (
			);
			runOnlyForDeploymentPostprocessing = 0;
		};
		E39814DC1F6288C80035D519 /* Frameworks */ = {
			isa = PBXFrameworksBuildPhase;
			buildActionMask = 2147483647;
			files = (
				E39814E01F6288C80035D519 /* VWO.framework in Frameworks */,
			);
			runOnlyForDeploymentPostprocessing = 0;
		};
/* End PBXFrameworksBuildPhase section */

/* Begin PBXGroup section */
		E39814CC1F6288C80035D519 = {
			isa = PBXGroup;
			children = (
				E39814D81F6288C80035D519 /* VWO */,
				E39814E31F6288C80035D519 /* VWOTests */,
				E39814D71F6288C80035D519 /* Products */,
			);
			sourceTree = "<group>";
		};
		E39814D71F6288C80035D519 /* Products */ = {
			isa = PBXGroup;
			children = (
				E39814D61F6288C80035D519 /* VWO.framework */,
				E39814DF1F6288C80035D519 /* VWOTests.xctest */,
			);
			name = Products;
			sourceTree = "<group>";
		};
		E39814D81F6288C80035D519 /* VWO */ = {
			isa = PBXGroup;
			children = (
				E39814D91F6288C80035D519 /* VWO.h */,
				E36AC7181F75614E0041ACDF /* VWO.m */,
				E39815731F6291960035D519 /* VWOController.h */,
				E39815741F6291960035D519 /* VWOController.m */,
				E344B2EE1F87906900A4EEE6 /* VWOConfig.h */,
				E344B2EF1F87906900A4EEE6 /* VWOConfig.m */,
				E3D5F7FB1F6BD86C0011C43C /* VWOURL.h */,
				E3D5F7FC1F6BD86C0011C43C /* VWOURL.m */,
				E388B6CC1F8F7D350023E11E /* VWOURLQueue.h */,
				E388B6CD1F8F7D350023E11E /* VWOURLQueue.m */,
				E39815911F6291C10035D519 /* VWOSegmentEvaluator.h */,
				E39815921F6291C10035D519 /* VWOSegmentEvaluator.m */,
				E3F7CBA62004A07800CC8C03 /* VWOInfixEvaluator.h */,
				E3F7CBA72004A07800CC8C03 /* VWOInfixEvaluator.m */,
				E39815F71F62A13A0035D519 /* Helpers */,
				E39815951F6293BC0035D519 /* Extensions */,
				E39815421F6291680035D519 /* Models */,
				E398154D1F6291680035D519 /* Raven */,
				E39815531F6291680035D519 /* Socket */,
				E39814DA1F6288C80035D519 /* Info.plist */,
				E39814F41F628CAA0035D519 /* VWO.podspec */,
				E319151E1F67F1B900FC1695 /* README.md */,
				E31915231F6802D500FC1695 /* LICENSE */,
			);
			path = VWO;
			sourceTree = "<group>";
		};
		E39814E31F6288C80035D519 /* VWOTests */ = {
			isa = PBXGroup;
			children = (
				E31714C61F838C2F0036CF07 /* VWOTests.swift */,
				E3924B491FC42C06006A9EB2 /* VWODictionaryTests.swift */,
				E3924B4B1FC4520D006A9EB2 /* VWOQueueTests.swift */,
				E3F7CBAE2004B72E00CC8C03 /* VWOStackTests.swift */,
				E3F7CBB02004BF4700CC8C03 /* VWOInfixEvaluatorTests.swift */,
				E32C7A151FC58603009ABF2F /* VWOGoalTests.swift */,
				E32C7A171FC5886A009ABF2F /* VWOVariationTests.swift */,
				E3D29FA11FBDA85100A11C61 /* Segmentation */,
				E3D29F951FBD91B700A11C61 /* Extra.swift */,
				E39814E61F6288C80035D519 /* Info.plist */,
				E31714C51F838C2F0036CF07 /* VWOTests-Bridging-Header.h */,
			);
			path = VWOTests;
			sourceTree = "<group>";
		};
		E39815421F6291680035D519 /* Models */ = {
			isa = PBXGroup;
			children = (
				E39815431F6291680035D519 /* VWOCampaign.h */,
				E39815441F6291680035D519 /* VWOCampaign.m */,
				E39815451F6291680035D519 /* VWOGoal.h */,
				E39815461F6291680035D519 /* VWOGoal.m */,
				E39815471F6291680035D519 /* VWOQueue.h */,
				E39815481F6291680035D519 /* VWOQueue.m */,
				E3F7CBAA2004A9B100CC8C03 /* VWOStack.h */,
				E3F7CBAB2004A9B100CC8C03 /* VWOStack.m */,
				E398154B1F6291680035D519 /* VWOVariation.h */,
				E398154C1F6291680035D519 /* VWOVariation.m */,
				E3F7CBB22004C91400CC8C03 /* VWOSegment.h */,
				E3F7CBB32004C91400CC8C03 /* VWOSegment.m */,
			);
			path = Models;
			sourceTree = "<group>";
		};
		E398154D1F6291680035D519 /* Raven */ = {
			isa = PBXGroup;
			children = (
				E398154E1F6291680035D519 /* VWORavenClient.h */,
				E398154F1F6291680035D519 /* VWORavenClient.m */,
				E39815501F6291680035D519 /* VWORavenClient_Private.h */,
				E39815511F6291680035D519 /* VWORavenConfig.h */,
				E39815521F6291680035D519 /* VWORavenConfig.m */,
			);
			path = Raven;
			sourceTree = "<group>";
		};
		E39815531F6291680035D519 /* Socket */ = {
			isa = PBXGroup;
			children = (
				E39815541F6291680035D519 /* socket.io.js.h */,
				E398158B1F6291B50035D519 /* VWOSocketClient.h */,
				E398158C1F6291B50035D519 /* VWOSocketClient.m */,
				E39815551F6291680035D519 /* VWOSIOSocket.h */,
				E39815561F6291680035D519 /* VWOSIOSocket.m */,
			);
			path = Socket;
			sourceTree = "<group>";
		};
		E39815951F6293BC0035D519 /* Extensions */ = {
			isa = PBXGroup;
			children = (
				E39815981F6293BC0035D519 /* NSDictionary+VWO.h */,
				E39815991F6293BC0035D519 /* NSDictionary+VWO.m */,
				E3D29FC41FBEDAB300A11C61 /* NSDate+VWO.h */,
				E3D29FC51FBEDAB300A11C61 /* NSDate+VWO.m */,
				E3D29FC81FBEDE2A00A11C61 /* NSString+VWO.h */,
				E3D29FC91FBEDE2A00A11C61 /* NSString+VWO.m */,
				E35484F31F713C2E00E14D2E /* NSURLSession+Synchronous.h */,
				E35484F41F713C2E00E14D2E /* NSURLSession+Synchronous.m */,
			);
			path = Extensions;
			sourceTree = "<group>";
		};
		E39815F71F62A13A0035D519 /* Helpers */ = {
			isa = PBXGroup;
			children = (
				E39815751F6291970035D519 /* VWODevice.h */,
				E39815761F6291970035D519 /* VWODevice.m */,
				E39815771F6291970035D519 /* VWOFile.h */,
				E39815781F6291970035D519 /* VWOFile.m */,
				E39815791F6291970035D519 /* VWOLogger.h */,
				E398157A1F6291970035D519 /* VWOLogger.m */,
			);
			name = Helpers;
			sourceTree = "<group>";
		};
		E3D29FA11FBDA85100A11C61 /* Segmentation */ = {
			isa = PBXGroup;
			children = (
				E3D29F931FBD8B1300A11C61 /* VWOSegmentEvaluatorTests.swift */,
				E3D29F971FBD928700A11C61 /* PredefinediPhone.json */,
				E3D29F991FBDA29100A11C61 /* PredefinediPad.json */,
				E3D29F9D1FBDA49B00A11C61 /* PredefinedNewUser.json */,
				E3D29F9F1FBDA4C100A11C61 /* PredefinedReturningUser.json */,
				E3D29FA21FBDAC3E00A11C61 /* CustomVariable.json */,
				E3D29FA61FBDAE8A00A11C61 /* AppVersionRegex.json */,
				E3D29FAA1FBDAED400A11C61 /* AppVersionContains.json */,
				E3D29FAE1FBDAF1700A11C61 /* AppVersionEqualTo.json */,
				E3D29FB41FBDAF7400A11C61 /* AppVersionNotEqualTo.json */,
				E3D29FB61FBDAF8C00A11C61 /* AppVersionStartsWith.json */,
				E3D29FB81FBECA6700A11C61 /* iOSVersionEqualTo.json */,
				E3D29FBA1FBECA8800A11C61 /* iOSVersionNotEqualTo.json */,
				E3D29FBC1FBECA9E00A11C61 /* iOSVersionGreaterThan.json */,
				E3D29FBE1FBECAAB00A11C61 /* iOSVersionLessThan.json */,
				E3D29FC01FBED57000A11C61 /* DayOfWeekSingle.json */,
				E3D29FCE1FBEE6BD00A11C61 /* DayOfWeekSingleNotEqual.json */,
				E3D29FC21FBED59B00A11C61 /* DayOfWeekMultiple.json */,
				E3D29FCC1FBEE69400A11C61 /* DayOfWeekMultipleNotEqualTo.json */,
				E3D29FD01FBEEC6A00A11C61 /* HourOfTheDay.json */,
				E3D29FD21FBEEC7900A11C61 /* HourOfTheDayNotEqual.json */,
				E3D29FD41FBEEC8100A11C61 /* HourOfTheDayMultiple.json */,
				E3D29FD61FBEEC8B00A11C61 /* HourOfTheDayMultipleNotEqual.json */,
				E3924B3B1FC2C2D8006A9EB2 /* And1.json */,
				E3924B3D1FC2D8B7006A9EB2 /* And2.json */,
				E3924B3F1FC2DC24006A9EB2 /* Or1.json */,
				E3924B411FC2DD15006A9EB2 /* Or2.json */,
				E3924B431FC2E65E006A9EB2 /* Or3.json */,
				E3924B451FC408AD006A9EB2 /* Complex1.json */,
				E3924B471FC40B2F006A9EB2 /* Complex2.json */,
			);
			path = Segmentation;
			sourceTree = "<group>";
		};
/* End PBXGroup section */

/* Begin PBXHeadersBuildPhase section */
		E39814D31F6288C80035D519 /* Headers */ = {
			isa = PBXHeadersBuildPhase;
			buildActionMask = 2147483647;
			files = (
				E39815671F6291680035D519 /* VWOSIOSocket.h in Headers */,
				E39815851F6291970035D519 /* VWOLogger.h in Headers */,
				E39815591F6291680035D519 /* VWOGoal.h in Headers */,
				E39815611F6291680035D519 /* VWORavenClient.h in Headers */,
				E3D29FCA1FBEDE2A00A11C61 /* NSString+VWO.h in Headers */,
				E3D29FC61FBEDAB300A11C61 /* NSDate+VWO.h in Headers */,
				E39815811F6291970035D519 /* VWODevice.h in Headers */,
				E398155B1F6291680035D519 /* VWOQueue.h in Headers */,
				E3F7CBAC2004A9B100CC8C03 /* VWOStack.h in Headers */,
				E388B6CE1F8F7D350023E11E /* VWOURLQueue.h in Headers */,
				E344B2F01F87906900A4EEE6 /* VWOConfig.h in Headers */,
				E39815571F6291680035D519 /* VWOCampaign.h in Headers */,
				E39815831F6291970035D519 /* VWOFile.h in Headers */,
				E39815641F6291680035D519 /* VWORavenConfig.h in Headers */,
				E35484F51F713C2E00E14D2E /* NSURLSession+Synchronous.h in Headers */,
				E39815631F6291680035D519 /* VWORavenClient_Private.h in Headers */,
				E398155F1F6291680035D519 /* VWOVariation.h in Headers */,
				E398157F1F6291970035D519 /* VWOController.h in Headers */,
				E398158F1F6291B50035D519 /* VWOSocketClient.h in Headers */,
				E39815931F6291C10035D519 /* VWOSegmentEvaluator.h in Headers */,
				E3D5F7FD1F6BD86C0011C43C /* VWOURL.h in Headers */,
				E3F7CBB42004C91400CC8C03 /* VWOSegment.h in Headers */,
				E398159C1F6293BC0035D519 /* NSDictionary+VWO.h in Headers */,
				E39815661F6291680035D519 /* socket.io.js.h in Headers */,
				E3F7CBA82004A07800CC8C03 /* VWOInfixEvaluator.h in Headers */,
				E39814E71F6288C80035D519 /* VWO.h in Headers */,
			);
			runOnlyForDeploymentPostprocessing = 0;
		};
/* End PBXHeadersBuildPhase section */

/* Begin PBXNativeTarget section */
		E39814D51F6288C80035D519 /* VWO */ = {
			isa = PBXNativeTarget;
			buildConfigurationList = E39814EA1F6288C80035D519 /* Build configuration list for PBXNativeTarget "VWO" */;
			buildPhases = (
				E39814D11F6288C80035D519 /* Sources */,
				E39814D21F6288C80035D519 /* Frameworks */,
				E39814D31F6288C80035D519 /* Headers */,
				E39814D41F6288C80035D519 /* Resources */,
			);
			buildRules = (
			);
			dependencies = (
			);
			name = VWO;
			productName = VWO;
			productReference = E39814D61F6288C80035D519 /* VWO.framework */;
			productType = "com.apple.product-type.framework";
		};
		E39814DE1F6288C80035D519 /* VWOTests */ = {
			isa = PBXNativeTarget;
			buildConfigurationList = E39814ED1F6288C80035D519 /* Build configuration list for PBXNativeTarget "VWOTests" */;
			buildPhases = (
				E39814DB1F6288C80035D519 /* Sources */,
				E39814DC1F6288C80035D519 /* Frameworks */,
				E39814DD1F6288C80035D519 /* Resources */,
			);
			buildRules = (
			);
			dependencies = (
				E39814E21F6288C80035D519 /* PBXTargetDependency */,
			);
			name = VWOTests;
			productName = VWOTests;
			productReference = E39814DF1F6288C80035D519 /* VWOTests.xctest */;
			productType = "com.apple.product-type.bundle.unit-test";
		};
/* End PBXNativeTarget section */

/* Begin PBXProject section */
		E39814CD1F6288C80035D519 /* Project object */ = {
			isa = PBXProject;
			attributes = {
				LastUpgradeCheck = 0910;
				ORGANIZATIONNAME = vwo;
				TargetAttributes = {
					E39814D51F6288C80035D519 = {
						CreatedOnToolsVersion = 8.3.3;
						DevelopmentTeam = DBN26NC8KE;
						ProvisioningStyle = Automatic;
					};
					E39814DE1F6288C80035D519 = {
						CreatedOnToolsVersion = 8.3.3;
						DevelopmentTeam = DBN26NC8KE;
						LastSwiftMigration = 0900;
						ProvisioningStyle = Automatic;
					};
				};
			};
			buildConfigurationList = E39814D01F6288C80035D519 /* Build configuration list for PBXProject "VWO" */;
			compatibilityVersion = "Xcode 3.2";
			developmentRegion = English;
			hasScannedForEncodings = 0;
			knownRegions = (
				en,
			);
			mainGroup = E39814CC1F6288C80035D519;
			productRefGroup = E39814D71F6288C80035D519 /* Products */;
			projectDirPath = "";
			projectRoot = "";
			targets = (
				E39814D51F6288C80035D519 /* VWO */,
				E39814DE1F6288C80035D519 /* VWOTests */,
			);
		};
/* End PBXProject section */

/* Begin PBXResourcesBuildPhase section */
		E39814D41F6288C80035D519 /* Resources */ = {
			isa = PBXResourcesBuildPhase;
			buildActionMask = 2147483647;
			files = (
				E39814F51F628CAA0035D519 /* VWO.podspec in Resources */,
			);
			runOnlyForDeploymentPostprocessing = 0;
		};
		E39814DD1F6288C80035D519 /* Resources */ = {
			isa = PBXResourcesBuildPhase;
			buildActionMask = 2147483647;
			files = (
				E3D29FD31FBEEC7900A11C61 /* HourOfTheDayNotEqual.json in Resources */,
				E3D29FAF1FBDAF1700A11C61 /* AppVersionEqualTo.json in Resources */,
				E3D29FD51FBEEC8100A11C61 /* HourOfTheDayMultiple.json in Resources */,
				E3D29FC11FBED57000A11C61 /* DayOfWeekSingle.json in Resources */,
				E3D29FCD1FBEE69400A11C61 /* DayOfWeekMultipleNotEqualTo.json in Resources */,
				E3D29FBD1FBECA9E00A11C61 /* iOSVersionGreaterThan.json in Resources */,
				E3924B461FC408AD006A9EB2 /* Complex1.json in Resources */,
				E3924B3E1FC2D8B7006A9EB2 /* And2.json in Resources */,
				E3D29FD11FBEEC6A00A11C61 /* HourOfTheDay.json in Resources */,
				E3D29FBF1FBECAAB00A11C61 /* iOSVersionLessThan.json in Resources */,
				E3D29FB71FBDAF8C00A11C61 /* AppVersionStartsWith.json in Resources */,
				E3D29FA71FBDAE8A00A11C61 /* AppVersionRegex.json in Resources */,
				E3924B481FC40B2F006A9EB2 /* Complex2.json in Resources */,
				E3D29FB51FBDAF7400A11C61 /* AppVersionNotEqualTo.json in Resources */,
				E3D29FCF1FBEE6BD00A11C61 /* DayOfWeekSingleNotEqual.json in Resources */,
				E3D29F9E1FBDA49B00A11C61 /* PredefinedNewUser.json in Resources */,
				E3924B401FC2DC24006A9EB2 /* Or1.json in Resources */,
				E3D29F981FBD928700A11C61 /* PredefinediPhone.json in Resources */,
				E3D29FD71FBEEC8B00A11C61 /* HourOfTheDayMultipleNotEqual.json in Resources */,
				E3D29FC31FBED59B00A11C61 /* DayOfWeekMultiple.json in Resources */,
				E3924B441FC2E65E006A9EB2 /* Or3.json in Resources */,
				E3924B3C1FC2C2D8006A9EB2 /* And1.json in Resources */,
				E3D29FAB1FBDAED400A11C61 /* AppVersionContains.json in Resources */,
				E3D29F9A1FBDA29100A11C61 /* PredefinediPad.json in Resources */,
				E3924B421FC2DD15006A9EB2 /* Or2.json in Resources */,
				E3D29FA31FBDAC3E00A11C61 /* CustomVariable.json in Resources */,
				E3D29FB91FBECA6700A11C61 /* iOSVersionEqualTo.json in Resources */,
				E3D29FBB1FBECA8800A11C61 /* iOSVersionNotEqualTo.json in Resources */,
				E3D29FA01FBDA4C100A11C61 /* PredefinedReturningUser.json in Resources */,
			);
			runOnlyForDeploymentPostprocessing = 0;
		};
/* End PBXResourcesBuildPhase section */

/* Begin PBXSourcesBuildPhase section */
		E39814D11F6288C80035D519 /* Sources */ = {
			isa = PBXSourcesBuildPhase;
			buildActionMask = 2147483647;
			files = (
				E344B2F11F87906900A4EEE6 /* VWOConfig.m in Sources */,
				E3D29FC71FBEDAB300A11C61 /* NSDate+VWO.m in Sources */,
				E36AC7191F75614E0041ACDF /* VWO.m in Sources */,
				E3F7CBAD2004A9B100CC8C03 /* VWOStack.m in Sources */,
				E39815651F6291680035D519 /* VWORavenConfig.m in Sources */,
				E39815941F6291C10035D519 /* VWOSegmentEvaluator.m in Sources */,
				E35484F61F713C2E00E14D2E /* NSURLSession+Synchronous.m in Sources */,
				E398159D1F6293BC0035D519 /* NSDictionary+VWO.m in Sources */,
				E39815861F6291970035D519 /* VWOLogger.m in Sources */,
				E39815821F6291970035D519 /* VWODevice.m in Sources */,
				E39815621F6291680035D519 /* VWORavenClient.m in Sources */,
				E39815901F6291B50035D519 /* VWOSocketClient.m in Sources */,
				E398155A1F6291680035D519 /* VWOGoal.m in Sources */,
				E3D5F7FE1F6BD86C0011C43C /* VWOURL.m in Sources */,
				E39815801F6291970035D519 /* VWOController.m in Sources */,
				E398155C1F6291680035D519 /* VWOQueue.m in Sources */,
				E3F7CBA92004A07800CC8C03 /* VWOInfixEvaluator.m in Sources */,
				E39815601F6291680035D519 /* VWOVariation.m in Sources */,
				E388B6CF1F8F7D350023E11E /* VWOURLQueue.m in Sources */,
				E3D29FCB1FBEDE2A00A11C61 /* NSString+VWO.m in Sources */,
				E39815681F6291680035D519 /* VWOSIOSocket.m in Sources */,
				E39815581F6291680035D519 /* VWOCampaign.m in Sources */,
				E3F7CBB52004C91400CC8C03 /* VWOSegment.m in Sources */,
				E39815841F6291970035D519 /* VWOFile.m in Sources */,
			);
			runOnlyForDeploymentPostprocessing = 0;
		};
		E39814DB1F6288C80035D519 /* Sources */ = {
			isa = PBXSourcesBuildPhase;
			buildActionMask = 2147483647;
			files = (
				E32C7A181FC5886A009ABF2F /* VWOVariationTests.swift in Sources */,
				E3924B4A1FC42C06006A9EB2 /* VWODictionaryTests.swift in Sources */,
				E3924B4C1FC4520D006A9EB2 /* VWOQueueTests.swift in Sources */,
				E3F7CBB12004BF4700CC8C03 /* VWOInfixEvaluatorTests.swift in Sources */,
				E3F7CBAF2004B72E00CC8C03 /* VWOStackTests.swift in Sources */,
				E3D29F961FBD91B700A11C61 /* Extra.swift in Sources */,
				E31714C41F838BB10036CF07 /* VWODevice.m in Sources */,
				E3D29F941FBD8B1300A11C61 /* VWOSegmentEvaluatorTests.swift in Sources */,
				E31714C71F838C2F0036CF07 /* VWOTests.swift in Sources */,
				E32C7A161FC58603009ABF2F /* VWOGoalTests.swift in Sources */,
			);
			runOnlyForDeploymentPostprocessing = 0;
		};
/* End PBXSourcesBuildPhase section */

/* Begin PBXTargetDependency section */
		E39814E21F6288C80035D519 /* PBXTargetDependency */ = {
			isa = PBXTargetDependency;
			target = E39814D51F6288C80035D519 /* VWO */;
			targetProxy = E39814E11F6288C80035D519 /* PBXContainerItemProxy */;
		};
/* End PBXTargetDependency section */

/* Begin XCBuildConfiguration section */
		E39814E81F6288C80035D519 /* Debug */ = {
			isa = XCBuildConfiguration;
			buildSettings = {
				ALWAYS_SEARCH_USER_PATHS = NO;
				CLANG_ANALYZER_NONNULL = YES;
				CLANG_ANALYZER_NUMBER_OBJECT_CONVERSION = YES_AGGRESSIVE;
				CLANG_CXX_LANGUAGE_STANDARD = "gnu++0x";
				CLANG_CXX_LIBRARY = "libc++";
				CLANG_ENABLE_MODULES = YES;
				CLANG_ENABLE_OBJC_ARC = YES;
				CLANG_WARN_BLOCK_CAPTURE_AUTORELEASING = YES;
				CLANG_WARN_BOOL_CONVERSION = YES;
				CLANG_WARN_COMMA = YES;
				CLANG_WARN_CONSTANT_CONVERSION = YES;
				CLANG_WARN_DIRECT_OBJC_ISA_USAGE = YES_ERROR;
				CLANG_WARN_DOCUMENTATION_COMMENTS = YES;
				CLANG_WARN_EMPTY_BODY = YES;
				CLANG_WARN_ENUM_CONVERSION = YES;
				CLANG_WARN_INFINITE_RECURSION = YES;
				CLANG_WARN_INT_CONVERSION = YES;
				CLANG_WARN_NON_LITERAL_NULL_CONVERSION = YES;
				CLANG_WARN_OBJC_LITERAL_CONVERSION = YES;
				CLANG_WARN_OBJC_ROOT_CLASS = YES_ERROR;
				CLANG_WARN_RANGE_LOOP_ANALYSIS = YES;
				CLANG_WARN_STRICT_PROTOTYPES = YES;
				CLANG_WARN_SUSPICIOUS_MOVE = YES;
				CLANG_WARN_UNREACHABLE_CODE = YES;
				CLANG_WARN__DUPLICATE_METHOD_MATCH = YES;
				"CODE_SIGN_IDENTITY[sdk=iphoneos*]" = "iPhone Developer";
				COPY_PHASE_STRIP = NO;
				CURRENT_PROJECT_VERSION = 1;
				DEBUG_INFORMATION_FORMAT = dwarf;
				ENABLE_STRICT_OBJC_MSGSEND = YES;
				ENABLE_TESTABILITY = YES;
				GCC_C_LANGUAGE_STANDARD = gnu99;
				GCC_DYNAMIC_NO_PIC = NO;
				GCC_NO_COMMON_BLOCKS = YES;
				GCC_OPTIMIZATION_LEVEL = 0;
				GCC_PREPROCESSOR_DEFINITIONS = (
					"DEBUG=1",
					"$(inherited)",
				);
				GCC_WARN_64_TO_32_BIT_CONVERSION = YES;
				GCC_WARN_ABOUT_RETURN_TYPE = YES_ERROR;
				GCC_WARN_UNDECLARED_SELECTOR = YES;
				GCC_WARN_UNINITIALIZED_AUTOS = YES_AGGRESSIVE;
				GCC_WARN_UNUSED_FUNCTION = YES;
				GCC_WARN_UNUSED_VARIABLE = YES;
				IPHONEOS_DEPLOYMENT_TARGET = 10.3;
				MTL_ENABLE_DEBUG_INFO = YES;
				ONLY_ACTIVE_ARCH = YES;
				SDKROOT = iphoneos;
				TARGETED_DEVICE_FAMILY = "1,2";
				VERSIONING_SYSTEM = "apple-generic";
				VERSION_INFO_PREFIX = "";
			};
			name = Debug;
		};
		E39814E91F6288C80035D519 /* Release */ = {
			isa = XCBuildConfiguration;
			buildSettings = {
				ALWAYS_SEARCH_USER_PATHS = NO;
				CLANG_ANALYZER_NONNULL = YES;
				CLANG_ANALYZER_NUMBER_OBJECT_CONVERSION = YES_AGGRESSIVE;
				CLANG_CXX_LANGUAGE_STANDARD = "gnu++0x";
				CLANG_CXX_LIBRARY = "libc++";
				CLANG_ENABLE_MODULES = YES;
				CLANG_ENABLE_OBJC_ARC = YES;
				CLANG_WARN_BLOCK_CAPTURE_AUTORELEASING = YES;
				CLANG_WARN_BOOL_CONVERSION = YES;
				CLANG_WARN_COMMA = YES;
				CLANG_WARN_CONSTANT_CONVERSION = YES;
				CLANG_WARN_DIRECT_OBJC_ISA_USAGE = YES_ERROR;
				CLANG_WARN_DOCUMENTATION_COMMENTS = YES;
				CLANG_WARN_EMPTY_BODY = YES;
				CLANG_WARN_ENUM_CONVERSION = YES;
				CLANG_WARN_INFINITE_RECURSION = YES;
				CLANG_WARN_INT_CONVERSION = YES;
				CLANG_WARN_NON_LITERAL_NULL_CONVERSION = YES;
				CLANG_WARN_OBJC_LITERAL_CONVERSION = YES;
				CLANG_WARN_OBJC_ROOT_CLASS = YES_ERROR;
				CLANG_WARN_RANGE_LOOP_ANALYSIS = YES;
				CLANG_WARN_STRICT_PROTOTYPES = YES;
				CLANG_WARN_SUSPICIOUS_MOVE = YES;
				CLANG_WARN_UNREACHABLE_CODE = YES;
				CLANG_WARN__DUPLICATE_METHOD_MATCH = YES;
				"CODE_SIGN_IDENTITY[sdk=iphoneos*]" = "iPhone Developer";
				COPY_PHASE_STRIP = NO;
				CURRENT_PROJECT_VERSION = 1;
				DEBUG_INFORMATION_FORMAT = "dwarf-with-dsym";
				ENABLE_NS_ASSERTIONS = NO;
				ENABLE_STRICT_OBJC_MSGSEND = YES;
				GCC_C_LANGUAGE_STANDARD = gnu99;
				GCC_NO_COMMON_BLOCKS = YES;
				GCC_WARN_64_TO_32_BIT_CONVERSION = YES;
				GCC_WARN_ABOUT_RETURN_TYPE = YES_ERROR;
				GCC_WARN_UNDECLARED_SELECTOR = YES;
				GCC_WARN_UNINITIALIZED_AUTOS = YES_AGGRESSIVE;
				GCC_WARN_UNUSED_FUNCTION = YES;
				GCC_WARN_UNUSED_VARIABLE = YES;
				IPHONEOS_DEPLOYMENT_TARGET = 10.3;
				MTL_ENABLE_DEBUG_INFO = NO;
				SDKROOT = iphoneos;
				SWIFT_OPTIMIZATION_LEVEL = "-Owholemodule";
				TARGETED_DEVICE_FAMILY = "1,2";
				VALIDATE_PRODUCT = YES;
				VERSIONING_SYSTEM = "apple-generic";
				VERSION_INFO_PREFIX = "";
			};
			name = Release;
		};
		E39814EB1F6288C80035D519 /* Debug */ = {
			isa = XCBuildConfiguration;
			buildSettings = {
				CODE_SIGN_IDENTITY = "";
				DEFINES_MODULE = YES;
				DEVELOPMENT_TEAM = DBN26NC8KE;
				DYLIB_COMPATIBILITY_VERSION = 1;
				DYLIB_CURRENT_VERSION = 1;
				DYLIB_INSTALL_NAME_BASE = "@rpath";
				GCC_PREPROCESSOR_DEFINITIONS = (
					"DEBUG=1",
					"$(inherited)",
				);
				INFOPLIST_FILE = VWO/Info.plist;
				INSTALL_PATH = "$(LOCAL_LIBRARY_DIR)/Frameworks";
				IPHONEOS_DEPLOYMENT_TARGET = 8.0;
				LD_RUNPATH_SEARCH_PATHS = "$(inherited) @executable_path/Frameworks @loader_path/Frameworks";
				PRODUCT_BUNDLE_IDENTIFIER = com.Wingify.VWO;
				PRODUCT_NAME = "$(TARGET_NAME)";
				SKIP_INSTALL = YES;
				SWIFT_VERSION = 4.0;
			};
			name = Debug;
		};
		E39814EC1F6288C80035D519 /* Release */ = {
			isa = XCBuildConfiguration;
			buildSettings = {
				CODE_SIGN_IDENTITY = "";
				DEFINES_MODULE = YES;
				DEVELOPMENT_TEAM = DBN26NC8KE;
				DYLIB_COMPATIBILITY_VERSION = 1;
				DYLIB_CURRENT_VERSION = 1;
				DYLIB_INSTALL_NAME_BASE = "@rpath";
				INFOPLIST_FILE = VWO/Info.plist;
				INSTALL_PATH = "$(LOCAL_LIBRARY_DIR)/Frameworks";
				IPHONEOS_DEPLOYMENT_TARGET = 8.0;
				LD_RUNPATH_SEARCH_PATHS = "$(inherited) @executable_path/Frameworks @loader_path/Frameworks";
				PRODUCT_BUNDLE_IDENTIFIER = com.Wingify.VWO;
				PRODUCT_NAME = "$(TARGET_NAME)";
				SKIP_INSTALL = YES;
				SWIFT_VERSION = 4.0;
			};
			name = Release;
		};
		E39814EE1F6288C80035D519 /* Debug */ = {
			isa = XCBuildConfiguration;
			buildSettings = {
				CLANG_ENABLE_MODULES = YES;
				DEVELOPMENT_TEAM = DBN26NC8KE;
				INFOPLIST_FILE = VWOTests/Info.plist;
				LD_RUNPATH_SEARCH_PATHS = "$(inherited) @executable_path/Frameworks @loader_path/Frameworks";
				PRODUCT_BUNDLE_IDENTIFIER = com.Wingify.VWOTests;
				PRODUCT_NAME = "$(TARGET_NAME)";
				SWIFT_OBJC_BRIDGING_HEADER = "VWOTests/VWOTests-Bridging-Header.h";
				SWIFT_OPTIMIZATION_LEVEL = "-Onone";
				SWIFT_VERSION = 4.0;
			};
			name = Debug;
		};
		E39814EF1F6288C80035D519 /* Release */ = {
			isa = XCBuildConfiguration;
			buildSettings = {
				CLANG_ENABLE_MODULES = YES;
				DEVELOPMENT_TEAM = DBN26NC8KE;
				INFOPLIST_FILE = VWOTests/Info.plist;
				LD_RUNPATH_SEARCH_PATHS = "$(inherited) @executable_path/Frameworks @loader_path/Frameworks";
				PRODUCT_BUNDLE_IDENTIFIER = com.Wingify.VWOTests;
				PRODUCT_NAME = "$(TARGET_NAME)";
				SWIFT_OBJC_BRIDGING_HEADER = "VWOTests/VWOTests-Bridging-Header.h";
				SWIFT_VERSION = 4.0;
			};
			name = Release;
		};
/* End XCBuildConfiguration section */

/* Begin XCConfigurationList section */
		E39814D01F6288C80035D519 /* Build configuration list for PBXProject "VWO" */ = {
			isa = XCConfigurationList;
			buildConfigurations = (
				E39814E81F6288C80035D519 /* Debug */,
				E39814E91F6288C80035D519 /* Release */,
			);
			defaultConfigurationIsVisible = 0;
			defaultConfigurationName = Release;
		};
		E39814EA1F6288C80035D519 /* Build configuration list for PBXNativeTarget "VWO" */ = {
			isa = XCConfigurationList;
			buildConfigurations = (
				E39814EB1F6288C80035D519 /* Debug */,
				E39814EC1F6288C80035D519 /* Release */,
			);
			defaultConfigurationIsVisible = 0;
			defaultConfigurationName = Release;
		};
		E39814ED1F6288C80035D519 /* Build configuration list for PBXNativeTarget "VWOTests" */ = {
			isa = XCConfigurationList;
			buildConfigurations = (
				E39814EE1F6288C80035D519 /* Debug */,
				E39814EF1F6288C80035D519 /* Release */,
			);
			defaultConfigurationIsVisible = 0;
			defaultConfigurationName = Release;
		};
/* End XCConfigurationList section */
	};
	rootObject = E39814CD1F6288C80035D519 /* Project object */;
}
